// !$*UTF8*$!
{
	archiveVersion = 1;
	classes = {
	};
	objectVersion = 46;
	objects = {

/* Begin PBXBuildFile section */
		030D8AC3160B5DC300BF843D /* dish_tile_loading.png in Resources */ = {isa = PBXBuildFile; fileRef = 030D8AC1160B5DC300BF843D /* dish_tile_loading.png */; };
		030D8AC4160B5DC300BF843D /* dish_tile_loading@2x.png in Resources */ = {isa = PBXBuildFile; fileRef = 030D8AC2160B5DC300BF843D /* dish_tile_loading@2x.png */; };
		0317883A160C6DDC0041DAD7 /* DishTileItem.m in Sources */ = {isa = PBXBuildFile; fileRef = 03178839160C6DDC0041DAD7 /* DishTileItem.m */; };
		0317884B160C76DB0041DAD7 /* DishDetailViewController.m in Sources */ = {isa = PBXBuildFile; fileRef = 03178842160C76DB0041DAD7 /* DishDetailViewController.m */; };
		0317884C160C76DB0041DAD7 /* DishListViewController.m in Sources */ = {isa = PBXBuildFile; fileRef = 03178844160C76DB0041DAD7 /* DishListViewController.m */; };
		0317884D160C76DB0041DAD7 /* ProfileViewController.m in Sources */ = {isa = PBXBuildFile; fileRef = 03178846160C76DB0041DAD7 /* ProfileViewController.m */; };
		0317884E160C76DB0041DAD7 /* SearchViewController.m in Sources */ = {isa = PBXBuildFile; fileRef = 03178848160C76DB0041DAD7 /* SearchViewController.m */; };
		0317884F160C76DB0041DAD7 /* SettingsViewController.m in Sources */ = {isa = PBXBuildFile; fileRef = 0317884A160C76DB0041DAD7 /* SettingsViewController.m */; };
		031AAAF4160DAB8B007B42B3 /* CommentCell.m in Sources */ = {isa = PBXBuildFile; fileRef = 031AAAF3160DAB8B007B42B3 /* CommentCell.m */; };
		031AAAF8160DAC1A007B42B3 /* line.png in Resources */ = {isa = PBXBuildFile; fileRef = 031AAAF6160DAC1A007B42B3 /* line.png */; };
		031AAAF9160DAC1A007B42B3 /* line@2x.png in Resources */ = {isa = PBXBuildFile; fileRef = 031AAAF7160DAC1A007B42B3 /* line@2x.png */; };
		031AAAFB160DAC5B007B42B3 /* line_dotted@2x.png in Resources */ = {isa = PBXBuildFile; fileRef = 031AAAFA160DAC5B007B42B3 /* line_dotted@2x.png */; };
		031AAAFE160DB720007B42B3 /* profile_thumbnail_border.png in Resources */ = {isa = PBXBuildFile; fileRef = 031AAAFC160DB720007B42B3 /* profile_thumbnail_border.png */; };
		031AAAFF160DB720007B42B3 /* profile_thumbnail_border@2x.png in Resources */ = {isa = PBXBuildFile; fileRef = 031AAAFD160DB720007B42B3 /* profile_thumbnail_border@2x.png */; };
		031AAB03160DDF47007B42B3 /* tool_bar.png in Resources */ = {isa = PBXBuildFile; fileRef = 031AAB01160DDF47007B42B3 /* tool_bar.png */; };
		031AAB04160DDF47007B42B3 /* tool_bar@2x.png in Resources */ = {isa = PBXBuildFile; fileRef = 031AAB02160DDF47007B42B3 /* tool_bar@2x.png */; };
		031AAB07160DE108007B42B3 /* textfield_bg.png in Resources */ = {isa = PBXBuildFile; fileRef = 031AAB05160DE108007B42B3 /* textfield_bg.png */; };
		031AAB08160DE108007B42B3 /* textfield_bg@2x.png in Resources */ = {isa = PBXBuildFile; fileRef = 031AAB06160DE108007B42B3 /* textfield_bg@2x.png */; };
		031AAB0B160DE2CD007B42B3 /* DishByMeButton.m in Sources */ = {isa = PBXBuildFile; fileRef = 031AAB0A160DE2CD007B42B3 /* DishByMeButton.m */; };
		031AAB12160EFD33007B42B3 /* RecipeView.m in Sources */ = {isa = PBXBuildFile; fileRef = 031AAB11160EFD33007B42B3 /* RecipeView.m */; };
		031AAB15160EFFB9007B42B3 /* QuartzCore.framework in Frameworks */ = {isa = PBXBuildFile; fileRef = 031AAB13160EFF9B007B42B3 /* QuartzCore.framework */; };
		031AAB23160F056E007B42B3 /* recipe_bg_bottom_shadow.png in Resources */ = {isa = PBXBuildFile; fileRef = 031AAB17160F056E007B42B3 /* recipe_bg_bottom_shadow.png */; };
		031AAB24160F056E007B42B3 /* recipe_bg_bottom_shadow@2x.png in Resources */ = {isa = PBXBuildFile; fileRef = 031AAB18160F056E007B42B3 /* recipe_bg_bottom_shadow@2x.png */; };
		031AAB25160F056E007B42B3 /* recipe_bg_bottom.png in Resources */ = {isa = PBXBuildFile; fileRef = 031AAB19160F056E007B42B3 /* recipe_bg_bottom.png */; };
		031AAB27160F056E007B42B3 /* recipe_bg_center_shadow.png in Resources */ = {isa = PBXBuildFile; fileRef = 031AAB1B160F056E007B42B3 /* recipe_bg_center_shadow.png */; };
		031AAB28160F056E007B42B3 /* recipe_bg_center_shadow@2x.png in Resources */ = {isa = PBXBuildFile; fileRef = 031AAB1C160F056E007B42B3 /* recipe_bg_center_shadow@2x.png */; };
		031AAB29160F056E007B42B3 /* recipe_bg_top.png in Resources */ = {isa = PBXBuildFile; fileRef = 031AAB1D160F056E007B42B3 /* recipe_bg_top.png */; };
		031AAB2A160F056E007B42B3 /* recipe_bg_top@2x.png in Resources */ = {isa = PBXBuildFile; fileRef = 031AAB1E160F056E007B42B3 /* recipe_bg_top@2x.png */; };
		031AAB2B160F056E007B42B3 /* recipe_bg_top_shadow.png in Resources */ = {isa = PBXBuildFile; fileRef = 031AAB1F160F056E007B42B3 /* recipe_bg_top_shadow.png */; };
		031AAB2C160F056E007B42B3 /* recipe_bg_top_shadow@2x.png in Resources */ = {isa = PBXBuildFile; fileRef = 031AAB20160F056E007B42B3 /* recipe_bg_top_shadow@2x.png */; };
		031AAB2D160F056E007B42B3 /* recipe_close_button.png in Resources */ = {isa = PBXBuildFile; fileRef = 031AAB21160F056E007B42B3 /* recipe_close_button.png */; };
		031AAB2E160F056E007B42B3 /* recipe_close_button@2x.png in Resources */ = {isa = PBXBuildFile; fileRef = 031AAB22160F056E007B42B3 /* recipe_close_button@2x.png */; };
		031AAB30160F05B2007B42B3 /* recipe_bg_bottom@2x.png in Resources */ = {isa = PBXBuildFile; fileRef = 031AAB2F160F05B2007B42B3 /* recipe_bg_bottom@2x.png */; };
		031AAB33160F0F5C007B42B3 /* dim.png in Resources */ = {isa = PBXBuildFile; fileRef = 031AAB31160F0F5C007B42B3 /* dim.png */; };
		031AAB34160F0F5C007B42B3 /* dim@2x.png in Resources */ = {isa = PBXBuildFile; fileRef = 031AAB32160F0F5C007B42B3 /* dim@2x.png */; };
		031AAB37160F23A1007B42B3 /* User.m in Sources */ = {isa = PBXBuildFile; fileRef = 031AAB36160F23A1007B42B3 /* User.m */; };
		031AAB3D160F3B4F007B42B3 /* WritingViewController.m in Sources */ = {isa = PBXBuildFile; fileRef = 031AAB3C160F3B4F007B42B3 /* WritingViewController.m */; };
		031AAB4C160F42CB007B42B3 /* CameraOverlayViewController.m in Sources */ = {isa = PBXBuildFile; fileRef = 031AAB4B160F42CB007B42B3 /* CameraOverlayViewController.m */; };
		031AAB5A160F72B8007B42B3 /* arrow.png in Resources */ = {isa = PBXBuildFile; fileRef = 031AAB4E160F72B8007B42B3 /* arrow.png */; };
		031AAB5B160F72B8007B42B3 /* arrow@2x.png in Resources */ = {isa = PBXBuildFile; fileRef = 031AAB4F160F72B8007B42B3 /* arrow@2x.png */; };
		031AAB5C160F72B8007B42B3 /* disclosure_indicator.png in Resources */ = {isa = PBXBuildFile; fileRef = 031AAB50160F72B8007B42B3 /* disclosure_indicator.png */; };
		031AAB5D160F72B8007B42B3 /* disclosure_indicator@2x.png in Resources */ = {isa = PBXBuildFile; fileRef = 031AAB51160F72B8007B42B3 /* disclosure_indicator@2x.png */; };
		031AAB5E160F72B8007B42B3 /* profile_border.png in Resources */ = {isa = PBXBuildFile; fileRef = 031AAB52160F72B8007B42B3 /* profile_border.png */; };
		031AAB5F160F72B8007B42B3 /* profile_border@2x.png in Resources */ = {isa = PBXBuildFile; fileRef = 031AAB53160F72B8007B42B3 /* profile_border@2x.png */; };
		031AAB60160F72B8007B42B3 /* profile_cell_bottom_left.png in Resources */ = {isa = PBXBuildFile; fileRef = 031AAB54160F72B8007B42B3 /* profile_cell_bottom_left.png */; };
		031AAB61160F72B8007B42B3 /* profile_cell_bottom_left@2x.png in Resources */ = {isa = PBXBuildFile; fileRef = 031AAB55160F72B8007B42B3 /* profile_cell_bottom_left@2x.png */; };
		031AAB62160F72B8007B42B3 /* profile_cell_bottom_right.png in Resources */ = {isa = PBXBuildFile; fileRef = 031AAB56160F72B8007B42B3 /* profile_cell_bottom_right.png */; };
		031AAB63160F72B8007B42B3 /* profile_cell_bottom_right@2x.png in Resources */ = {isa = PBXBuildFile; fileRef = 031AAB57160F72B8007B42B3 /* profile_cell_bottom_right@2x.png */; };
		031AAB64160F72B8007B42B3 /* profile_cell_top.png in Resources */ = {isa = PBXBuildFile; fileRef = 031AAB58160F72B8007B42B3 /* profile_cell_top.png */; };
		031AAB65160F72B8007B42B3 /* profile_cell_top@2x.png in Resources */ = {isa = PBXBuildFile; fileRef = 031AAB59160F72B8007B42B3 /* profile_cell_top@2x.png */; };
		0359EA53160D6506009CDA41 /* Default-568h@2x.png in Resources */ = {isa = PBXBuildFile; fileRef = 0359EA52160D6506009CDA41 /* Default-568h@2x.png */; };
		0359EA57160D6736009CDA41 /* navigation_bar.png in Resources */ = {isa = PBXBuildFile; fileRef = 0359EA55160D6736009CDA41 /* navigation_bar.png */; };
		0359EA58160D6736009CDA41 /* navigation_bar@2x.png in Resources */ = {isa = PBXBuildFile; fileRef = 0359EA56160D6736009CDA41 /* navigation_bar@2x.png */; };
		0359EA5E160D79B5009CDA41 /* dish_detail_recipe_bottom_line.png in Resources */ = {isa = PBXBuildFile; fileRef = 0359EA59160D79B5009CDA41 /* dish_detail_recipe_bottom_line.png */; };
		0359EA5F160D79B5009CDA41 /* dish_detail_recipe_bottom_line@2x.png in Resources */ = {isa = PBXBuildFile; fileRef = 0359EA5A160D79B5009CDA41 /* dish_detail_recipe_bottom_line@2x.png */; };
		0359EA60160D79B5009CDA41 /* dish_detail_recipe_button.png in Resources */ = {isa = PBXBuildFile; fileRef = 0359EA5B160D79B5009CDA41 /* dish_detail_recipe_button.png */; };
		0359EA61160D79B5009CDA41 /* dish_detail_recipe_button@2x.png in Resources */ = {isa = PBXBuildFile; fileRef = 0359EA5C160D79B5009CDA41 /* dish_detail_recipe_button@2x.png */; };
		0359EA62160D79B5009CDA41 /* line_dotted.png in Resources */ = {isa = PBXBuildFile; fileRef = 0359EA5D160D79B5009CDA41 /* line_dotted.png */; };
		03918046160DA51100041663 /* button.png in Resources */ = {isa = PBXBuildFile; fileRef = 03918044160DA51000041663 /* button.png */; };
		03918047160DA51100041663 /* button@2x.png in Resources */ = {isa = PBXBuildFile; fileRef = 03918045160DA51100041663 /* button@2x.png */; };
		03B597FC1602FDC0007BD6AF /* UIKit.framework in Frameworks */ = {isa = PBXBuildFile; fileRef = 03B597FB1602FDC0007BD6AF /* UIKit.framework */; };
		03B597FE1602FDC0007BD6AF /* Foundation.framework in Frameworks */ = {isa = PBXBuildFile; fileRef = 03B597FD1602FDC0007BD6AF /* Foundation.framework */; };
		03B598001602FDC0007BD6AF /* CoreGraphics.framework in Frameworks */ = {isa = PBXBuildFile; fileRef = 03B597FF1602FDC0007BD6AF /* CoreGraphics.framework */; };
		03B598061602FDC0007BD6AF /* InfoPlist.strings in Resources */ = {isa = PBXBuildFile; fileRef = 03B598041602FDC0007BD6AF /* InfoPlist.strings */; };
		03B598081602FDC0007BD6AF /* main.m in Sources */ = {isa = PBXBuildFile; fileRef = 03B598071602FDC0007BD6AF /* main.m */; };
		03B5980C1602FDC0007BD6AF /* AppDelegate.m in Sources */ = {isa = PBXBuildFile; fileRef = 03B5980B1602FDC0007BD6AF /* AppDelegate.m */; };
		03B598211603046E007BD6AF /* Localizable.strings in Resources */ = {isa = PBXBuildFile; fileRef = 03B598231603046E007BD6AF /* Localizable.strings */; };
		03C8998C160B126E001E488B /* Dish.m in Sources */ = {isa = PBXBuildFile; fileRef = 03C8998B160B126E001E488B /* Dish.m */; };
		03C899AC160B1674001E488B /* NSObject+SBJson.m in Sources */ = {isa = PBXBuildFile; fileRef = 03C89994160B1674001E488B /* NSObject+SBJson.m */; };
		03C899AD160B1674001E488B /* SBJsonParser.m in Sources */ = {isa = PBXBuildFile; fileRef = 03C89997160B1674001E488B /* SBJsonParser.m */; };
		03C899AE160B1674001E488B /* SBJsonStreamParser.m in Sources */ = {isa = PBXBuildFile; fileRef = 03C89999160B1674001E488B /* SBJsonStreamParser.m */; };
		03C899AF160B1674001E488B /* SBJsonStreamParserAccumulator.m in Sources */ = {isa = PBXBuildFile; fileRef = 03C8999B160B1674001E488B /* SBJsonStreamParserAccumulator.m */; };
		03C899B0160B1674001E488B /* SBJsonStreamParserAdapter.m in Sources */ = {isa = PBXBuildFile; fileRef = 03C8999D160B1674001E488B /* SBJsonStreamParserAdapter.m */; };
		03C899B1160B1674001E488B /* SBJsonStreamParserState.m in Sources */ = {isa = PBXBuildFile; fileRef = 03C8999F160B1674001E488B /* SBJsonStreamParserState.m */; };
		03C899B2160B1674001E488B /* SBJsonStreamWriter.m in Sources */ = {isa = PBXBuildFile; fileRef = 03C899A1160B1674001E488B /* SBJsonStreamWriter.m */; };
		03C899B3160B1674001E488B /* SBJsonStreamWriterAccumulator.m in Sources */ = {isa = PBXBuildFile; fileRef = 03C899A3160B1674001E488B /* SBJsonStreamWriterAccumulator.m */; };
		03C899B4160B1674001E488B /* SBJsonStreamWriterState.m in Sources */ = {isa = PBXBuildFile; fileRef = 03C899A5160B1674001E488B /* SBJsonStreamWriterState.m */; };
		03C899B5160B1674001E488B /* SBJsonTokeniser.m in Sources */ = {isa = PBXBuildFile; fileRef = 03C899A7160B1674001E488B /* SBJsonTokeniser.m */; };
		03C899B6160B1674001E488B /* SBJsonUTF8Stream.m in Sources */ = {isa = PBXBuildFile; fileRef = 03C899A9160B1674001E488B /* SBJsonUTF8Stream.m */; };
		03C899B7160B1674001E488B /* SBJsonWriter.m in Sources */ = {isa = PBXBuildFile; fileRef = 03C899AB160B1674001E488B /* SBJsonWriter.m */; };
		03C899BA160B1693001E488B /* Utils.m in Sources */ = {isa = PBXBuildFile; fileRef = 03C899B9160B1693001E488B /* Utils.m */; };
		03CB7409160C937700A5C6A3 /* Comment.m in Sources */ = {isa = PBXBuildFile; fileRef = 03CB7408160C937700A5C6A3 /* Comment.m */; };
		03CB746E160CA75700A5C6A3 /* tab_bar_bg.png in Resources */ = {isa = PBXBuildFile; fileRef = 03CB7468160CA75700A5C6A3 /* tab_bar_bg.png */; };
		03CB746F160CA75700A5C6A3 /* tab_bar_bg_selected.png in Resources */ = {isa = PBXBuildFile; fileRef = 03CB7469160CA75700A5C6A3 /* tab_bar_bg_selected.png */; };
		03CB7470160CA75700A5C6A3 /* tab_camera.png in Resources */ = {isa = PBXBuildFile; fileRef = 03CB746A160CA75700A5C6A3 /* tab_camera.png */; };
		03CB747C160CA8D400A5C6A3 /* tab_icon_dish.png in Resources */ = {isa = PBXBuildFile; fileRef = 03CB7474160CA8D300A5C6A3 /* tab_icon_dish.png */; };
		03CB747D160CA8D400A5C6A3 /* tab_icon_dish@2x.png in Resources */ = {isa = PBXBuildFile; fileRef = 03CB7475160CA8D300A5C6A3 /* tab_icon_dish@2x.png */; };
		03CB747E160CA8D400A5C6A3 /* tab_icon_me.png in Resources */ = {isa = PBXBuildFile; fileRef = 03CB7476160CA8D300A5C6A3 /* tab_icon_me.png */; };
		03CB747F160CA8D400A5C6A3 /* tab_icon_me@2x.png in Resources */ = {isa = PBXBuildFile; fileRef = 03CB7477160CA8D300A5C6A3 /* tab_icon_me@2x.png */; };
		03CB7480160CA8D400A5C6A3 /* tab_icon_search.png in Resources */ = {isa = PBXBuildFile; fileRef = 03CB7478160CA8D300A5C6A3 /* tab_icon_search.png */; };
		03CB7481160CA8D400A5C6A3 /* tab_icon_search@2x.png in Resources */ = {isa = PBXBuildFile; fileRef = 03CB7479160CA8D400A5C6A3 /* tab_icon_search@2x.png */; };
		03CB7482160CA8D400A5C6A3 /* tab_icon_settings@2x.png in Resources */ = {isa = PBXBuildFile; fileRef = 03CB747A160CA8D400A5C6A3 /* tab_icon_settings@2x.png */; };
		03CB7485160CA92C00A5C6A3 /* tab_icon_settings.png in Resources */ = {isa = PBXBuildFile; fileRef = 03CB7484160CA92C00A5C6A3 /* tab_icon_settings.png */; };
		03CB7494160CAB6D00A5C6A3 /* dish_tile_border.png in Resources */ = {isa = PBXBuildFile; fileRef = 03CB7490160CAB6D00A5C6A3 /* dish_tile_border.png */; };
		03CB7495160CAB6D00A5C6A3 /* dish_tile_border@2x.png in Resources */ = {isa = PBXBuildFile; fileRef = 03CB7491160CAB6D00A5C6A3 /* dish_tile_border@2x.png */; };
		03CB7499160CC04100A5C6A3 /* tab_camera_highlighted@2x.png in Resources */ = {isa = PBXBuildFile; fileRef = 03CB7496160CC04100A5C6A3 /* tab_camera_highlighted@2x.png */; };
		03CB749B160CC04100A5C6A3 /* tab_camera@2x.png in Resources */ = {isa = PBXBuildFile; fileRef = 03CB7498160CC04100A5C6A3 /* tab_camera@2x.png */; };
		03CB749D160CC04C00A5C6A3 /* tab_camera_highlighted.png in Resources */ = {isa = PBXBuildFile; fileRef = 03CB749C160CC04B00A5C6A3 /* tab_camera_highlighted.png */; };
		03CB74A4160CC42700A5C6A3 /* DishByMeBarButtonItem.m in Sources */ = {isa = PBXBuildFile; fileRef = 03CB74A1160CC42700A5C6A3 /* DishByMeBarButtonItem.m */; };
		03CB74A5160CC42700A5C6A3 /* DishByMeNavigationController.m in Sources */ = {isa = PBXBuildFile; fileRef = 03CB74A3160CC42700A5C6A3 /* DishByMeNavigationController.m */; };
		03CB74AA160CC47800A5C6A3 /* navigation_bar_button_back.png in Resources */ = {isa = PBXBuildFile; fileRef = 03CB74A6160CC47800A5C6A3 /* navigation_bar_button_back.png */; };
		03CB74AB160CC47800A5C6A3 /* navigation_bar_button_back@2x.png in Resources */ = {isa = PBXBuildFile; fileRef = 03CB74A7160CC47800A5C6A3 /* navigation_bar_button_back@2x.png */; };
		03CB74B0160CCA8400A5C6A3 /* dish_detail_border.png in Resources */ = {isa = PBXBuildFile; fileRef = 03CB74AE160CCA8400A5C6A3 /* dish_detail_border.png */; };
		03CB74B1160CCA8400A5C6A3 /* dish_detail_border@2x.png in Resources */ = {isa = PBXBuildFile; fileRef = 03CB74AF160CCA8400A5C6A3 /* dish_detail_border@2x.png */; };
		03CB74B4160CCAF200A5C6A3 /* dish_tile_border_ribbon.png in Resources */ = {isa = PBXBuildFile; fileRef = 03CB74B2160CCAF200A5C6A3 /* dish_tile_border_ribbon.png */; };
		03CB74B5160CCAF200A5C6A3 /* dish_tile_border_ribbon@2x.png in Resources */ = {isa = PBXBuildFile; fileRef = 03CB74B3160CCAF200A5C6A3 /* dish_tile_border_ribbon@2x.png */; };
		03CB74BC160CCCFE00A5C6A3 /* dish_detail_message_box_bottom.png in Resources */ = {isa = PBXBuildFile; fileRef = 03CB74B6160CCCFE00A5C6A3 /* dish_detail_message_box_bottom.png */; };
		03CB74BD160CCCFE00A5C6A3 /* dish_detail_message_box_bottom@2x.png in Resources */ = {isa = PBXBuildFile; fileRef = 03CB74B7160CCCFE00A5C6A3 /* dish_detail_message_box_bottom@2x.png */; };
		03CB74BE160CCCFE00A5C6A3 /* dish_detail_message_box_center.png in Resources */ = {isa = PBXBuildFile; fileRef = 03CB74B8160CCCFE00A5C6A3 /* dish_detail_message_box_center.png */; };
		03CB74BF160CCCFE00A5C6A3 /* dish_detail_message_box_center@2x.png in Resources */ = {isa = PBXBuildFile; fileRef = 03CB74B9160CCCFE00A5C6A3 /* dish_detail_message_box_center@2x.png */; };
		03CB74C0160CCCFE00A5C6A3 /* dish_detail_message_box_top.png in Resources */ = {isa = PBXBuildFile; fileRef = 03CB74BA160CCCFE00A5C6A3 /* dish_detail_message_box_top.png */; };
		03CB74C1160CCCFE00A5C6A3 /* dish_detail_message_box_top@2x.png in Resources */ = {isa = PBXBuildFile; fileRef = 03CB74BB160CCCFE00A5C6A3 /* dish_detail_message_box_top@2x.png */; };
		03E34F541605AE3E00BFBE87 /* APILoader.m in Sources */ = {isa = PBXBuildFile; fileRef = 03E34F531605AE3E00BFBE87 /* APILoader.m */; };
/* End PBXBuildFile section */

/* Begin PBXFileReference section */
		030D8AC1160B5DC300BF843D /* dish_tile_loading.png */ = {isa = PBXFileReference; lastKnownFileType = image.png; name = dish_tile_loading.png; path = Resources/dish_tile_loading.png; sourceTree = "<group>"; };
		030D8AC2160B5DC300BF843D /* dish_tile_loading@2x.png */ = {isa = PBXFileReference; lastKnownFileType = image.png; name = "dish_tile_loading@2x.png"; path = "Resources/dish_tile_loading@2x.png"; sourceTree = "<group>"; };
		03178838160C6DDC0041DAD7 /* DishTileItem.h */ = {isa = PBXFileReference; fileEncoding = 4; lastKnownFileType = sourcecode.c.h; name = DishTileItem.h; path = Views/DishTileItem.h; sourceTree = "<group>"; };
		03178839160C6DDC0041DAD7 /* DishTileItem.m */ = {isa = PBXFileReference; fileEncoding = 4; lastKnownFileType = sourcecode.c.objc; name = DishTileItem.m; path = Views/DishTileItem.m; sourceTree = "<group>"; };
		03178841160C76DB0041DAD7 /* DishDetailViewController.h */ = {isa = PBXFileReference; fileEncoding = 4; lastKnownFileType = sourcecode.c.h; path = DishDetailViewController.h; sourceTree = "<group>"; };
		03178842160C76DB0041DAD7 /* DishDetailViewController.m */ = {isa = PBXFileReference; fileEncoding = 4; lastKnownFileType = sourcecode.c.objc; path = DishDetailViewController.m; sourceTree = "<group>"; };
		03178843160C76DB0041DAD7 /* DishListViewController.h */ = {isa = PBXFileReference; fileEncoding = 4; lastKnownFileType = sourcecode.c.h; path = DishListViewController.h; sourceTree = "<group>"; };
		03178844160C76DB0041DAD7 /* DishListViewController.m */ = {isa = PBXFileReference; fileEncoding = 4; lastKnownFileType = sourcecode.c.objc; path = DishListViewController.m; sourceTree = "<group>"; };
		03178845160C76DB0041DAD7 /* ProfileViewController.h */ = {isa = PBXFileReference; fileEncoding = 4; lastKnownFileType = sourcecode.c.h; path = ProfileViewController.h; sourceTree = "<group>"; };
		03178846160C76DB0041DAD7 /* ProfileViewController.m */ = {isa = PBXFileReference; fileEncoding = 4; lastKnownFileType = sourcecode.c.objc; path = ProfileViewController.m; sourceTree = "<group>"; };
		03178847160C76DB0041DAD7 /* SearchViewController.h */ = {isa = PBXFileReference; fileEncoding = 4; lastKnownFileType = sourcecode.c.h; path = SearchViewController.h; sourceTree = "<group>"; };
		03178848160C76DB0041DAD7 /* SearchViewController.m */ = {isa = PBXFileReference; fileEncoding = 4; lastKnownFileType = sourcecode.c.objc; path = SearchViewController.m; sourceTree = "<group>"; };
		03178849160C76DB0041DAD7 /* SettingsViewController.h */ = {isa = PBXFileReference; fileEncoding = 4; lastKnownFileType = sourcecode.c.h; path = SettingsViewController.h; sourceTree = "<group>"; };
		0317884A160C76DB0041DAD7 /* SettingsViewController.m */ = {isa = PBXFileReference; fileEncoding = 4; lastKnownFileType = sourcecode.c.objc; path = SettingsViewController.m; sourceTree = "<group>"; };
		031AAAF2160DAB8B007B42B3 /* CommentCell.h */ = {isa = PBXFileReference; fileEncoding = 4; lastKnownFileType = sourcecode.c.h; name = CommentCell.h; path = Views/CommentCell.h; sourceTree = "<group>"; };
		031AAAF3160DAB8B007B42B3 /* CommentCell.m */ = {isa = PBXFileReference; fileEncoding = 4; lastKnownFileType = sourcecode.c.objc; name = CommentCell.m; path = Views/CommentCell.m; sourceTree = "<group>"; };
		031AAAF6160DAC1A007B42B3 /* line.png */ = {isa = PBXFileReference; lastKnownFileType = image.png; name = line.png; path = Resources/line.png; sourceTree = "<group>"; };
		031AAAF7160DAC1A007B42B3 /* line@2x.png */ = {isa = PBXFileReference; lastKnownFileType = image.png; name = "line@2x.png"; path = "Resources/line@2x.png"; sourceTree = "<group>"; };
		031AAAFA160DAC5B007B42B3 /* line_dotted@2x.png */ = {isa = PBXFileReference; lastKnownFileType = image.png; name = "line_dotted@2x.png"; path = "Resources/line_dotted@2x.png"; sourceTree = "<group>"; };
		031AAAFC160DB720007B42B3 /* profile_thumbnail_border.png */ = {isa = PBXFileReference; lastKnownFileType = image.png; name = profile_thumbnail_border.png; path = Resources/profile_thumbnail_border.png; sourceTree = "<group>"; };
		031AAAFD160DB720007B42B3 /* profile_thumbnail_border@2x.png */ = {isa = PBXFileReference; lastKnownFileType = image.png; name = "profile_thumbnail_border@2x.png"; path = "Resources/profile_thumbnail_border@2x.png"; sourceTree = "<group>"; };
		031AAB01160DDF47007B42B3 /* tool_bar.png */ = {isa = PBXFileReference; lastKnownFileType = image.png; path = tool_bar.png; sourceTree = "<group>"; };
		031AAB02160DDF47007B42B3 /* tool_bar@2x.png */ = {isa = PBXFileReference; lastKnownFileType = image.png; path = "tool_bar@2x.png"; sourceTree = "<group>"; };
		031AAB05160DE108007B42B3 /* textfield_bg.png */ = {isa = PBXFileReference; lastKnownFileType = image.png; name = textfield_bg.png; path = Resources/textfield_bg.png; sourceTree = "<group>"; };
		031AAB06160DE108007B42B3 /* textfield_bg@2x.png */ = {isa = PBXFileReference; lastKnownFileType = image.png; name = "textfield_bg@2x.png"; path = "Resources/textfield_bg@2x.png"; sourceTree = "<group>"; };
		031AAB09160DE2CD007B42B3 /* DishByMeButton.h */ = {isa = PBXFileReference; fileEncoding = 4; lastKnownFileType = sourcecode.c.h; path = DishByMeButton.h; sourceTree = "<group>"; };
		031AAB0A160DE2CD007B42B3 /* DishByMeButton.m */ = {isa = PBXFileReference; fileEncoding = 4; lastKnownFileType = sourcecode.c.objc; path = DishByMeButton.m; sourceTree = "<group>"; };
		031AAB10160EFD33007B42B3 /* RecipeView.h */ = {isa = PBXFileReference; fileEncoding = 4; lastKnownFileType = sourcecode.c.h; name = RecipeView.h; path = Views/RecipeView.h; sourceTree = "<group>"; };
		031AAB11160EFD33007B42B3 /* RecipeView.m */ = {isa = PBXFileReference; fileEncoding = 4; lastKnownFileType = sourcecode.c.objc; name = RecipeView.m; path = Views/RecipeView.m; sourceTree = "<group>"; };
		031AAB13160EFF9B007B42B3 /* QuartzCore.framework */ = {isa = PBXFileReference; lastKnownFileType = wrapper.framework; name = QuartzCore.framework; path = System/Library/Frameworks/QuartzCore.framework; sourceTree = SDKROOT; };
		031AAB17160F056E007B42B3 /* recipe_bg_bottom_shadow.png */ = {isa = PBXFileReference; lastKnownFileType = image.png; path = recipe_bg_bottom_shadow.png; sourceTree = "<group>"; };
		031AAB18160F056E007B42B3 /* recipe_bg_bottom_shadow@2x.png */ = {isa = PBXFileReference; lastKnownFileType = image.png; path = "recipe_bg_bottom_shadow@2x.png"; sourceTree = "<group>"; };
		031AAB19160F056E007B42B3 /* recipe_bg_bottom.png */ = {isa = PBXFileReference; lastKnownFileType = image.png; path = recipe_bg_bottom.png; sourceTree = "<group>"; };
		031AAB1B160F056E007B42B3 /* recipe_bg_center_shadow.png */ = {isa = PBXFileReference; lastKnownFileType = image.png; path = recipe_bg_center_shadow.png; sourceTree = "<group>"; };
		031AAB1C160F056E007B42B3 /* recipe_bg_center_shadow@2x.png */ = {isa = PBXFileReference; lastKnownFileType = image.png; path = "recipe_bg_center_shadow@2x.png"; sourceTree = "<group>"; };
		031AAB1D160F056E007B42B3 /* recipe_bg_top.png */ = {isa = PBXFileReference; lastKnownFileType = image.png; path = recipe_bg_top.png; sourceTree = "<group>"; };
		031AAB1E160F056E007B42B3 /* recipe_bg_top@2x.png */ = {isa = PBXFileReference; lastKnownFileType = image.png; path = "recipe_bg_top@2x.png"; sourceTree = "<group>"; };
		031AAB1F160F056E007B42B3 /* recipe_bg_top_shadow.png */ = {isa = PBXFileReference; lastKnownFileType = image.png; path = recipe_bg_top_shadow.png; sourceTree = "<group>"; };
		031AAB20160F056E007B42B3 /* recipe_bg_top_shadow@2x.png */ = {isa = PBXFileReference; lastKnownFileType = image.png; path = "recipe_bg_top_shadow@2x.png"; sourceTree = "<group>"; };
		031AAB21160F056E007B42B3 /* recipe_close_button.png */ = {isa = PBXFileReference; lastKnownFileType = image.png; path = recipe_close_button.png; sourceTree = "<group>"; };
		031AAB22160F056E007B42B3 /* recipe_close_button@2x.png */ = {isa = PBXFileReference; lastKnownFileType = image.png; path = "recipe_close_button@2x.png"; sourceTree = "<group>"; };
		031AAB2F160F05B2007B42B3 /* recipe_bg_bottom@2x.png */ = {isa = PBXFileReference; lastKnownFileType = image.png; path = "recipe_bg_bottom@2x.png"; sourceTree = "<group>"; };
		031AAB31160F0F5C007B42B3 /* dim.png */ = {isa = PBXFileReference; lastKnownFileType = image.png; name = dim.png; path = Resources/dim.png; sourceTree = "<group>"; };
		031AAB32160F0F5C007B42B3 /* dim@2x.png */ = {isa = PBXFileReference; lastKnownFileType = image.png; name = "dim@2x.png"; path = "Resources/dim@2x.png"; sourceTree = "<group>"; };
		031AAB35160F23A1007B42B3 /* User.h */ = {isa = PBXFileReference; fileEncoding = 4; lastKnownFileType = sourcecode.c.h; name = User.h; path = Models/User.h; sourceTree = "<group>"; };
		031AAB36160F23A1007B42B3 /* User.m */ = {isa = PBXFileReference; fileEncoding = 4; lastKnownFileType = sourcecode.c.objc; name = User.m; path = Models/User.m; sourceTree = "<group>"; };
		031AAB3B160F3B4F007B42B3 /* WritingViewController.h */ = {isa = PBXFileReference; fileEncoding = 4; lastKnownFileType = sourcecode.c.h; path = WritingViewController.h; sourceTree = "<group>"; };
		031AAB3C160F3B4F007B42B3 /* WritingViewController.m */ = {isa = PBXFileReference; fileEncoding = 4; lastKnownFileType = sourcecode.c.objc; path = WritingViewController.m; sourceTree = "<group>"; };
		031AAB4A160F42CB007B42B3 /* CameraOverlayViewController.h */ = {isa = PBXFileReference; fileEncoding = 4; lastKnownFileType = sourcecode.c.h; path = CameraOverlayViewController.h; sourceTree = "<group>"; };
		031AAB4B160F42CB007B42B3 /* CameraOverlayViewController.m */ = {isa = PBXFileReference; fileEncoding = 4; lastKnownFileType = sourcecode.c.objc; path = CameraOverlayViewController.m; sourceTree = "<group>"; };
		031AAB4E160F72B8007B42B3 /* arrow.png */ = {isa = PBXFileReference; lastKnownFileType = image.png; path = arrow.png; sourceTree = "<group>"; };
		031AAB4F160F72B8007B42B3 /* arrow@2x.png */ = {isa = PBXFileReference; lastKnownFileType = image.png; path = "arrow@2x.png"; sourceTree = "<group>"; };
		031AAB50160F72B8007B42B3 /* disclosure_indicator.png */ = {isa = PBXFileReference; lastKnownFileType = image.png; path = disclosure_indicator.png; sourceTree = "<group>"; };
		031AAB51160F72B8007B42B3 /* disclosure_indicator@2x.png */ = {isa = PBXFileReference; lastKnownFileType = image.png; path = "disclosure_indicator@2x.png"; sourceTree = "<group>"; };
		031AAB52160F72B8007B42B3 /* profile_border.png */ = {isa = PBXFileReference; lastKnownFileType = image.png; path = profile_border.png; sourceTree = "<group>"; };
		031AAB53160F72B8007B42B3 /* profile_border@2x.png */ = {isa = PBXFileReference; lastKnownFileType = image.png; path = "profile_border@2x.png"; sourceTree = "<group>"; };
		031AAB54160F72B8007B42B3 /* profile_cell_bottom_left.png */ = {isa = PBXFileReference; lastKnownFileType = image.png; path = profile_cell_bottom_left.png; sourceTree = "<group>"; };
		031AAB55160F72B8007B42B3 /* profile_cell_bottom_left@2x.png */ = {isa = PBXFileReference; lastKnownFileType = image.png; path = "profile_cell_bottom_left@2x.png"; sourceTree = "<group>"; };
		031AAB56160F72B8007B42B3 /* profile_cell_bottom_right.png */ = {isa = PBXFileReference; lastKnownFileType = image.png; path = profile_cell_bottom_right.png; sourceTree = "<group>"; };
		031AAB57160F72B8007B42B3 /* profile_cell_bottom_right@2x.png */ = {isa = PBXFileReference; lastKnownFileType = image.png; path = "profile_cell_bottom_right@2x.png"; sourceTree = "<group>"; };
		031AAB58160F72B8007B42B3 /* profile_cell_top.png */ = {isa = PBXFileReference; lastKnownFileType = image.png; path = profile_cell_top.png; sourceTree = "<group>"; };
		031AAB59160F72B8007B42B3 /* profile_cell_top@2x.png */ = {isa = PBXFileReference; lastKnownFileType = image.png; path = "profile_cell_top@2x.png"; sourceTree = "<group>"; };
		0359EA52160D6506009CDA41 /* Default-568h@2x.png */ = {isa = PBXFileReference; lastKnownFileType = image.png; path = "Default-568h@2x.png"; sourceTree = "<group>"; };
		0359EA55160D6736009CDA41 /* navigation_bar.png */ = {isa = PBXFileReference; lastKnownFileType = image.png; path = navigation_bar.png; sourceTree = "<group>"; };
		0359EA56160D6736009CDA41 /* navigation_bar@2x.png */ = {isa = PBXFileReference; lastKnownFileType = image.png; path = "navigation_bar@2x.png"; sourceTree = "<group>"; };
		0359EA59160D79B5009CDA41 /* dish_detail_recipe_bottom_line.png */ = {isa = PBXFileReference; lastKnownFileType = image.png; name = dish_detail_recipe_bottom_line.png; path = Resources/dish_detail_recipe_bottom_line.png; sourceTree = "<group>"; };
		0359EA5A160D79B5009CDA41 /* dish_detail_recipe_bottom_line@2x.png */ = {isa = PBXFileReference; lastKnownFileType = image.png; name = "dish_detail_recipe_bottom_line@2x.png"; path = "Resources/dish_detail_recipe_bottom_line@2x.png"; sourceTree = "<group>"; };
		0359EA5B160D79B5009CDA41 /* dish_detail_recipe_button.png */ = {isa = PBXFileReference; lastKnownFileType = image.png; name = dish_detail_recipe_button.png; path = Resources/dish_detail_recipe_button.png; sourceTree = "<group>"; };
		0359EA5C160D79B5009CDA41 /* dish_detail_recipe_button@2x.png */ = {isa = PBXFileReference; lastKnownFileType = image.png; name = "dish_detail_recipe_button@2x.png"; path = "Resources/dish_detail_recipe_button@2x.png"; sourceTree = "<group>"; };
		0359EA5D160D79B5009CDA41 /* line_dotted.png */ = {isa = PBXFileReference; lastKnownFileType = image.png; name = line_dotted.png; path = Resources/line_dotted.png; sourceTree = "<group>"; };
		03918044160DA51000041663 /* button.png */ = {isa = PBXFileReference; lastKnownFileType = image.png; name = button.png; path = Resources/button.png; sourceTree = "<group>"; };
		03918045160DA51100041663 /* button@2x.png */ = {isa = PBXFileReference; lastKnownFileType = image.png; name = "button@2x.png"; path = "Resources/button@2x.png"; sourceTree = "<group>"; };
		03B597F71602FDC0007BD6AF /* Dish by.me.app */ = {isa = PBXFileReference; explicitFileType = wrapper.application; includeInIndex = 0; path = "Dish by.me.app"; sourceTree = BUILT_PRODUCTS_DIR; };
		03B597FB1602FDC0007BD6AF /* UIKit.framework */ = {isa = PBXFileReference; lastKnownFileType = wrapper.framework; name = UIKit.framework; path = System/Library/Frameworks/UIKit.framework; sourceTree = SDKROOT; };
		03B597FD1602FDC0007BD6AF /* Foundation.framework */ = {isa = PBXFileReference; lastKnownFileType = wrapper.framework; name = Foundation.framework; path = System/Library/Frameworks/Foundation.framework; sourceTree = SDKROOT; };
		03B597FF1602FDC0007BD6AF /* CoreGraphics.framework */ = {isa = PBXFileReference; lastKnownFileType = wrapper.framework; name = CoreGraphics.framework; path = System/Library/Frameworks/CoreGraphics.framework; sourceTree = SDKROOT; };
		03B598031602FDC0007BD6AF /* Dish by.me-Info.plist */ = {isa = PBXFileReference; lastKnownFileType = text.plist.xml; path = "Dish by.me-Info.plist"; sourceTree = "<group>"; };
		03B598051602FDC0007BD6AF /* en */ = {isa = PBXFileReference; lastKnownFileType = text.plist.strings; name = en; path = en.lproj/InfoPlist.strings; sourceTree = "<group>"; };
		03B598071602FDC0007BD6AF /* main.m */ = {isa = PBXFileReference; lastKnownFileType = sourcecode.c.objc; path = main.m; sourceTree = "<group>"; };
		03B598091602FDC0007BD6AF /* Dish by.me-Prefix.pch */ = {isa = PBXFileReference; lastKnownFileType = sourcecode.c.h; path = "Dish by.me-Prefix.pch"; sourceTree = "<group>"; };
		03B5980A1602FDC0007BD6AF /* AppDelegate.h */ = {isa = PBXFileReference; lastKnownFileType = sourcecode.c.h; path = AppDelegate.h; sourceTree = "<group>"; };
		03B5980B1602FDC0007BD6AF /* AppDelegate.m */ = {isa = PBXFileReference; lastKnownFileType = sourcecode.c.objc; path = AppDelegate.m; sourceTree = "<group>"; };
		03B598221603046E007BD6AF /* en */ = {isa = PBXFileReference; lastKnownFileType = text.plist.strings; name = en; path = en.lproj/Localizable.strings; sourceTree = "<group>"; };
		03B5982416030475007BD6AF /* ko */ = {isa = PBXFileReference; lastKnownFileType = text.plist.strings; name = ko; path = ko.lproj/Localizable.strings; sourceTree = "<group>"; };
		03C89987160B0FC2001E488B /* Const.h */ = {isa = PBXFileReference; lastKnownFileType = sourcecode.c.h; path = Const.h; sourceTree = "<group>"; };
		03C8998A160B126E001E488B /* Dish.h */ = {isa = PBXFileReference; fileEncoding = 4; lastKnownFileType = sourcecode.c.h; name = Dish.h; path = Models/Dish.h; sourceTree = "<group>"; };
		03C8998B160B126E001E488B /* Dish.m */ = {isa = PBXFileReference; fileEncoding = 4; lastKnownFileType = sourcecode.c.objc; name = Dish.m; path = Models/Dish.m; sourceTree = "<group>"; };
		03C89992160B1674001E488B /* JSON.h */ = {isa = PBXFileReference; fileEncoding = 4; lastKnownFileType = sourcecode.c.h; path = JSON.h; sourceTree = "<group>"; };
		03C89993160B1674001E488B /* NSObject+SBJson.h */ = {isa = PBXFileReference; fileEncoding = 4; lastKnownFileType = sourcecode.c.h; path = "NSObject+SBJson.h"; sourceTree = "<group>"; };
		03C89994160B1674001E488B /* NSObject+SBJson.m */ = {isa = PBXFileReference; fileEncoding = 4; lastKnownFileType = sourcecode.c.objc; path = "NSObject+SBJson.m"; sourceTree = "<group>"; };
		03C89995160B1674001E488B /* SBJson.h */ = {isa = PBXFileReference; fileEncoding = 4; lastKnownFileType = sourcecode.c.h; path = SBJson.h; sourceTree = "<group>"; };
		03C89996160B1674001E488B /* SBJsonParser.h */ = {isa = PBXFileReference; fileEncoding = 4; lastKnownFileType = sourcecode.c.h; path = SBJsonParser.h; sourceTree = "<group>"; };
		03C89997160B1674001E488B /* SBJsonParser.m */ = {isa = PBXFileReference; fileEncoding = 4; lastKnownFileType = sourcecode.c.objc; path = SBJsonParser.m; sourceTree = "<group>"; };
		03C89998160B1674001E488B /* SBJsonStreamParser.h */ = {isa = PBXFileReference; fileEncoding = 4; lastKnownFileType = sourcecode.c.h; path = SBJsonStreamParser.h; sourceTree = "<group>"; };
		03C89999160B1674001E488B /* SBJsonStreamParser.m */ = {isa = PBXFileReference; fileEncoding = 4; lastKnownFileType = sourcecode.c.objc; path = SBJsonStreamParser.m; sourceTree = "<group>"; };
		03C8999A160B1674001E488B /* SBJsonStreamParserAccumulator.h */ = {isa = PBXFileReference; fileEncoding = 4; lastKnownFileType = sourcecode.c.h; path = SBJsonStreamParserAccumulator.h; sourceTree = "<group>"; };
		03C8999B160B1674001E488B /* SBJsonStreamParserAccumulator.m */ = {isa = PBXFileReference; fileEncoding = 4; lastKnownFileType = sourcecode.c.objc; path = SBJsonStreamParserAccumulator.m; sourceTree = "<group>"; };
		03C8999C160B1674001E488B /* SBJsonStreamParserAdapter.h */ = {isa = PBXFileReference; fileEncoding = 4; lastKnownFileType = sourcecode.c.h; path = SBJsonStreamParserAdapter.h; sourceTree = "<group>"; };
		03C8999D160B1674001E488B /* SBJsonStreamParserAdapter.m */ = {isa = PBXFileReference; fileEncoding = 4; lastKnownFileType = sourcecode.c.objc; path = SBJsonStreamParserAdapter.m; sourceTree = "<group>"; };
		03C8999E160B1674001E488B /* SBJsonStreamParserState.h */ = {isa = PBXFileReference; fileEncoding = 4; lastKnownFileType = sourcecode.c.h; path = SBJsonStreamParserState.h; sourceTree = "<group>"; };
		03C8999F160B1674001E488B /* SBJsonStreamParserState.m */ = {isa = PBXFileReference; fileEncoding = 4; lastKnownFileType = sourcecode.c.objc; path = SBJsonStreamParserState.m; sourceTree = "<group>"; };
		03C899A0160B1674001E488B /* SBJsonStreamWriter.h */ = {isa = PBXFileReference; fileEncoding = 4; lastKnownFileType = sourcecode.c.h; path = SBJsonStreamWriter.h; sourceTree = "<group>"; };
		03C899A1160B1674001E488B /* SBJsonStreamWriter.m */ = {isa = PBXFileReference; fileEncoding = 4; lastKnownFileType = sourcecode.c.objc; path = SBJsonStreamWriter.m; sourceTree = "<group>"; };
		03C899A2160B1674001E488B /* SBJsonStreamWriterAccumulator.h */ = {isa = PBXFileReference; fileEncoding = 4; lastKnownFileType = sourcecode.c.h; path = SBJsonStreamWriterAccumulator.h; sourceTree = "<group>"; };
		03C899A3160B1674001E488B /* SBJsonStreamWriterAccumulator.m */ = {isa = PBXFileReference; fileEncoding = 4; lastKnownFileType = sourcecode.c.objc; path = SBJsonStreamWriterAccumulator.m; sourceTree = "<group>"; };
		03C899A4160B1674001E488B /* SBJsonStreamWriterState.h */ = {isa = PBXFileReference; fileEncoding = 4; lastKnownFileType = sourcecode.c.h; path = SBJsonStreamWriterState.h; sourceTree = "<group>"; };
		03C899A5160B1674001E488B /* SBJsonStreamWriterState.m */ = {isa = PBXFileReference; fileEncoding = 4; lastKnownFileType = sourcecode.c.objc; path = SBJsonStreamWriterState.m; sourceTree = "<group>"; };
		03C899A6160B1674001E488B /* SBJsonTokeniser.h */ = {isa = PBXFileReference; fileEncoding = 4; lastKnownFileType = sourcecode.c.h; path = SBJsonTokeniser.h; sourceTree = "<group>"; };
		03C899A7160B1674001E488B /* SBJsonTokeniser.m */ = {isa = PBXFileReference; fileEncoding = 4; lastKnownFileType = sourcecode.c.objc; path = SBJsonTokeniser.m; sourceTree = "<group>"; };
		03C899A8160B1674001E488B /* SBJsonUTF8Stream.h */ = {isa = PBXFileReference; fileEncoding = 4; lastKnownFileType = sourcecode.c.h; path = SBJsonUTF8Stream.h; sourceTree = "<group>"; };
		03C899A9160B1674001E488B /* SBJsonUTF8Stream.m */ = {isa = PBXFileReference; fileEncoding = 4; lastKnownFileType = sourcecode.c.objc; path = SBJsonUTF8Stream.m; sourceTree = "<group>"; };
		03C899AA160B1674001E488B /* SBJsonWriter.h */ = {isa = PBXFileReference; fileEncoding = 4; lastKnownFileType = sourcecode.c.h; path = SBJsonWriter.h; sourceTree = "<group>"; };
		03C899AB160B1674001E488B /* SBJsonWriter.m */ = {isa = PBXFileReference; fileEncoding = 4; lastKnownFileType = sourcecode.c.objc; path = SBJsonWriter.m; sourceTree = "<group>"; };
		03C899B8160B1693001E488B /* Utils.h */ = {isa = PBXFileReference; fileEncoding = 4; lastKnownFileType = sourcecode.c.h; path = Utils.h; sourceTree = "<group>"; };
		03C899B9160B1693001E488B /* Utils.m */ = {isa = PBXFileReference; fileEncoding = 4; lastKnownFileType = sourcecode.c.objc; path = Utils.m; sourceTree = "<group>"; };
		03CB7407160C937700A5C6A3 /* Comment.h */ = {isa = PBXFileReference; fileEncoding = 4; lastKnownFileType = sourcecode.c.h; name = Comment.h; path = Models/Comment.h; sourceTree = "<group>"; };
		03CB7408160C937700A5C6A3 /* Comment.m */ = {isa = PBXFileReference; fileEncoding = 4; lastKnownFileType = sourcecode.c.objc; name = Comment.m; path = Models/Comment.m; sourceTree = "<group>"; };
		03CB7468160CA75700A5C6A3 /* tab_bar_bg.png */ = {isa = PBXFileReference; lastKnownFileType = image.png; path = tab_bar_bg.png; sourceTree = "<group>"; };
		03CB7469160CA75700A5C6A3 /* tab_bar_bg_selected.png */ = {isa = PBXFileReference; lastKnownFileType = image.png; path = tab_bar_bg_selected.png; sourceTree = "<group>"; };
		03CB746A160CA75700A5C6A3 /* tab_camera.png */ = {isa = PBXFileReference; lastKnownFileType = image.png; path = tab_camera.png; sourceTree = "<group>"; };
		03CB7474160CA8D300A5C6A3 /* tab_icon_dish.png */ = {isa = PBXFileReference; lastKnownFileType = image.png; path = tab_icon_dish.png; sourceTree = "<group>"; };
		03CB7475160CA8D300A5C6A3 /* tab_icon_dish@2x.png */ = {isa = PBXFileReference; lastKnownFileType = image.png; path = "tab_icon_dish@2x.png"; sourceTree = "<group>"; };
		03CB7476160CA8D300A5C6A3 /* tab_icon_me.png */ = {isa = PBXFileReference; lastKnownFileType = image.png; path = tab_icon_me.png; sourceTree = "<group>"; };
		03CB7477160CA8D300A5C6A3 /* tab_icon_me@2x.png */ = {isa = PBXFileReference; lastKnownFileType = image.png; path = "tab_icon_me@2x.png"; sourceTree = "<group>"; };
		03CB7478160CA8D300A5C6A3 /* tab_icon_search.png */ = {isa = PBXFileReference; lastKnownFileType = image.png; path = tab_icon_search.png; sourceTree = "<group>"; };
		03CB7479160CA8D400A5C6A3 /* tab_icon_search@2x.png */ = {isa = PBXFileReference; lastKnownFileType = image.png; path = "tab_icon_search@2x.png"; sourceTree = "<group>"; };
		03CB747A160CA8D400A5C6A3 /* tab_icon_settings@2x.png */ = {isa = PBXFileReference; lastKnownFileType = image.png; path = "tab_icon_settings@2x.png"; sourceTree = "<group>"; };
		03CB7484160CA92C00A5C6A3 /* tab_icon_settings.png */ = {isa = PBXFileReference; lastKnownFileType = image.png; path = tab_icon_settings.png; sourceTree = "<group>"; };
		03CB7490160CAB6D00A5C6A3 /* dish_tile_border.png */ = {isa = PBXFileReference; lastKnownFileType = image.png; name = dish_tile_border.png; path = Resources/dish_tile_border.png; sourceTree = "<group>"; };
		03CB7491160CAB6D00A5C6A3 /* dish_tile_border@2x.png */ = {isa = PBXFileReference; lastKnownFileType = image.png; name = "dish_tile_border@2x.png"; path = "Resources/dish_tile_border@2x.png"; sourceTree = "<group>"; };
		03CB7496160CC04100A5C6A3 /* tab_camera_highlighted@2x.png */ = {isa = PBXFileReference; lastKnownFileType = image.png; path = "tab_camera_highlighted@2x.png"; sourceTree = "<group>"; };
		03CB7498160CC04100A5C6A3 /* tab_camera@2x.png */ = {isa = PBXFileReference; lastKnownFileType = image.png; path = "tab_camera@2x.png"; sourceTree = "<group>"; };
		03CB749C160CC04B00A5C6A3 /* tab_camera_highlighted.png */ = {isa = PBXFileReference; lastKnownFileType = image.png; path = tab_camera_highlighted.png; sourceTree = "<group>"; };
		03CB74A0160CC42700A5C6A3 /* DishByMeBarButtonItem.h */ = {isa = PBXFileReference; fileEncoding = 4; lastKnownFileType = sourcecode.c.h; path = DishByMeBarButtonItem.h; sourceTree = "<group>"; };
		03CB74A1160CC42700A5C6A3 /* DishByMeBarButtonItem.m */ = {isa = PBXFileReference; fileEncoding = 4; lastKnownFileType = sourcecode.c.objc; path = DishByMeBarButtonItem.m; sourceTree = "<group>"; };
		03CB74A2160CC42700A5C6A3 /* DishByMeNavigationController.h */ = {isa = PBXFileReference; fileEncoding = 4; lastKnownFileType = sourcecode.c.h; path = DishByMeNavigationController.h; sourceTree = "<group>"; };
		03CB74A3160CC42700A5C6A3 /* DishByMeNavigationController.m */ = {isa = PBXFileReference; fileEncoding = 4; lastKnownFileType = sourcecode.c.objc; path = DishByMeNavigationController.m; sourceTree = "<group>"; };
		03CB74A6160CC47800A5C6A3 /* navigation_bar_button_back.png */ = {isa = PBXFileReference; lastKnownFileType = image.png; path = navigation_bar_button_back.png; sourceTree = "<group>"; };
		03CB74A7160CC47800A5C6A3 /* navigation_bar_button_back@2x.png */ = {isa = PBXFileReference; lastKnownFileType = image.png; path = "navigation_bar_button_back@2x.png"; sourceTree = "<group>"; };
		03CB74AE160CCA8400A5C6A3 /* dish_detail_border.png */ = {isa = PBXFileReference; lastKnownFileType = image.png; name = dish_detail_border.png; path = Resources/dish_detail_border.png; sourceTree = "<group>"; };
		03CB74AF160CCA8400A5C6A3 /* dish_detail_border@2x.png */ = {isa = PBXFileReference; lastKnownFileType = image.png; name = "dish_detail_border@2x.png"; path = "Resources/dish_detail_border@2x.png"; sourceTree = "<group>"; };
		03CB74B2160CCAF200A5C6A3 /* dish_tile_border_ribbon.png */ = {isa = PBXFileReference; lastKnownFileType = image.png; name = dish_tile_border_ribbon.png; path = Resources/dish_tile_border_ribbon.png; sourceTree = "<group>"; };
		03CB74B3160CCAF200A5C6A3 /* dish_tile_border_ribbon@2x.png */ = {isa = PBXFileReference; lastKnownFileType = image.png; name = "dish_tile_border_ribbon@2x.png"; path = "Resources/dish_tile_border_ribbon@2x.png"; sourceTree = "<group>"; };
		03CB74B6160CCCFE00A5C6A3 /* dish_detail_message_box_bottom.png */ = {isa = PBXFileReference; lastKnownFileType = image.png; name = dish_detail_message_box_bottom.png; path = Resources/dish_detail_message_box_bottom.png; sourceTree = "<group>"; };
		03CB74B7160CCCFE00A5C6A3 /* dish_detail_message_box_bottom@2x.png */ = {isa = PBXFileReference; lastKnownFileType = image.png; name = "dish_detail_message_box_bottom@2x.png"; path = "Resources/dish_detail_message_box_bottom@2x.png"; sourceTree = "<group>"; };
		03CB74B8160CCCFE00A5C6A3 /* dish_detail_message_box_center.png */ = {isa = PBXFileReference; lastKnownFileType = image.png; name = dish_detail_message_box_center.png; path = Resources/dish_detail_message_box_center.png; sourceTree = "<group>"; };
		03CB74B9160CCCFE00A5C6A3 /* dish_detail_message_box_center@2x.png */ = {isa = PBXFileReference; lastKnownFileType = image.png; name = "dish_detail_message_box_center@2x.png"; path = "Resources/dish_detail_message_box_center@2x.png"; sourceTree = "<group>"; };
		03CB74BA160CCCFE00A5C6A3 /* dish_detail_message_box_top.png */ = {isa = PBXFileReference; lastKnownFileType = image.png; name = dish_detail_message_box_top.png; path = Resources/dish_detail_message_box_top.png; sourceTree = "<group>"; };
		03CB74BB160CCCFE00A5C6A3 /* dish_detail_message_box_top@2x.png */ = {isa = PBXFileReference; lastKnownFileType = image.png; name = "dish_detail_message_box_top@2x.png"; path = "Resources/dish_detail_message_box_top@2x.png"; sourceTree = "<group>"; };
		03E34F521605AE3E00BFBE87 /* APILoader.h */ = {isa = PBXFileReference; fileEncoding = 4; lastKnownFileType = sourcecode.c.h; path = APILoader.h; sourceTree = "<group>"; };
		03E34F531605AE3E00BFBE87 /* APILoader.m */ = {isa = PBXFileReference; fileEncoding = 4; lastKnownFileType = sourcecode.c.objc; path = APILoader.m; sourceTree = "<group>"; };
/* End PBXFileReference section */

/* Begin PBXFrameworksBuildPhase section */
		03B597F41602FDC0007BD6AF /* Frameworks */ = {
			isa = PBXFrameworksBuildPhase;
			buildActionMask = 2147483647;
			files = (
				03B597FC1602FDC0007BD6AF /* UIKit.framework in Frameworks */,
				03B597FE1602FDC0007BD6AF /* Foundation.framework in Frameworks */,
				03B598001602FDC0007BD6AF /* CoreGraphics.framework in Frameworks */,
				031AAB15160EFFB9007B42B3 /* QuartzCore.framework in Frameworks */,
			);
			runOnlyForDeploymentPostprocessing = 0;
		};
/* End PBXFrameworksBuildPhase section */

/* Begin PBXGroup section */
		030D8AB9160B5AED00BF843D /* Views */ = {
			isa = PBXGroup;
			children = (
				03178838160C6DDC0041DAD7 /* DishTileItem.h */,
				03178839160C6DDC0041DAD7 /* DishTileItem.m */,
				031AAAF2160DAB8B007B42B3 /* CommentCell.h */,
				031AAAF3160DAB8B007B42B3 /* CommentCell.m */,
				031AAB10160EFD33007B42B3 /* RecipeView.h */,
				031AAB11160EFD33007B42B3 /* RecipeView.m */,
			);
			name = Views;
			sourceTree = "<group>";
		};
		03178840160C76DB0041DAD7 /* ViewControllers */ = {
			isa = PBXGroup;
			children = (
				03178843160C76DB0041DAD7 /* DishListViewController.h */,
				03178844160C76DB0041DAD7 /* DishListViewController.m */,
				03178841160C76DB0041DAD7 /* DishDetailViewController.h */,
				03178842160C76DB0041DAD7 /* DishDetailViewController.m */,
				03178847160C76DB0041DAD7 /* SearchViewController.h */,
				03178848160C76DB0041DAD7 /* SearchViewController.m */,
				03178845160C76DB0041DAD7 /* ProfileViewController.h */,
				03178846160C76DB0041DAD7 /* ProfileViewController.m */,
				03178849160C76DB0041DAD7 /* SettingsViewController.h */,
				0317884A160C76DB0041DAD7 /* SettingsViewController.m */,
				031AAB4A160F42CB007B42B3 /* CameraOverlayViewController.h */,
				031AAB4B160F42CB007B42B3 /* CameraOverlayViewController.m */,
				031AAB3B160F3B4F007B42B3 /* WritingViewController.h */,
				031AAB3C160F3B4F007B42B3 /* WritingViewController.m */,
			);
			path = ViewControllers;
			sourceTree = "<group>";
		};
		031AAB00160DDF47007B42B3 /* tool_bar */ = {
			isa = PBXGroup;
			children = (
				031AAB01160DDF47007B42B3 /* tool_bar.png */,
				031AAB02160DDF47007B42B3 /* tool_bar@2x.png */,
			);
			name = tool_bar;
			path = Resources/tool_bar;
			sourceTree = "<group>";
		};
		031AAB16160F056E007B42B3 /* recipe */ = {
			isa = PBXGroup;
			children = (
				031AAB17160F056E007B42B3 /* recipe_bg_bottom_shadow.png */,
				031AAB18160F056E007B42B3 /* recipe_bg_bottom_shadow@2x.png */,
				031AAB19160F056E007B42B3 /* recipe_bg_bottom.png */,
				031AAB2F160F05B2007B42B3 /* recipe_bg_bottom@2x.png */,
				031AAB1B160F056E007B42B3 /* recipe_bg_center_shadow.png */,
				031AAB1C160F056E007B42B3 /* recipe_bg_center_shadow@2x.png */,
				031AAB1D160F056E007B42B3 /* recipe_bg_top.png */,
				031AAB1E160F056E007B42B3 /* recipe_bg_top@2x.png */,
				031AAB1F160F056E007B42B3 /* recipe_bg_top_shadow.png */,
				031AAB20160F056E007B42B3 /* recipe_bg_top_shadow@2x.png */,
				031AAB21160F056E007B42B3 /* recipe_close_button.png */,
				031AAB22160F056E007B42B3 /* recipe_close_button@2x.png */,
			);
			name = recipe;
			path = Resources/recipe;
			sourceTree = "<group>";
		};
		031AAB4D160F72B8007B42B3 /* profile */ = {
			isa = PBXGroup;
			children = (
				031AAB4E160F72B8007B42B3 /* arrow.png */,
				031AAB4F160F72B8007B42B3 /* arrow@2x.png */,
				031AAB50160F72B8007B42B3 /* disclosure_indicator.png */,
				031AAB51160F72B8007B42B3 /* disclosure_indicator@2x.png */,
				031AAB52160F72B8007B42B3 /* profile_border.png */,
				031AAB53160F72B8007B42B3 /* profile_border@2x.png */,
				031AAB54160F72B8007B42B3 /* profile_cell_bottom_left.png */,
				031AAB55160F72B8007B42B3 /* profile_cell_bottom_left@2x.png */,
				031AAB56160F72B8007B42B3 /* profile_cell_bottom_right.png */,
				031AAB57160F72B8007B42B3 /* profile_cell_bottom_right@2x.png */,
				031AAB58160F72B8007B42B3 /* profile_cell_top.png */,
				031AAB59160F72B8007B42B3 /* profile_cell_top@2x.png */,
			);
			name = profile;
			path = Resources/profile;
			sourceTree = "<group>";
		};
		03B597EC1602FDC0007BD6AF = {
			isa = PBXGroup;
			children = (
				03B598011602FDC0007BD6AF /* Dish by.me */,
				03B59819160303E1007BD6AF /* Resources */,
				03B597FA1602FDC0007BD6AF /* Frameworks */,
				03B597F81602FDC0007BD6AF /* Products */,
			);
			sourceTree = "<group>";
		};
		03B597F81602FDC0007BD6AF /* Products */ = {
			isa = PBXGroup;
			children = (
				03B597F71602FDC0007BD6AF /* Dish by.me.app */,
			);
			name = Products;
			sourceTree = "<group>";
		};
		03B597FA1602FDC0007BD6AF /* Frameworks */ = {
			isa = PBXGroup;
			children = (
				03B597FB1602FDC0007BD6AF /* UIKit.framework */,
				03B597FD1602FDC0007BD6AF /* Foundation.framework */,
				03B597FF1602FDC0007BD6AF /* CoreGraphics.framework */,
				031AAB13160EFF9B007B42B3 /* QuartzCore.framework */,
			);
			name = Frameworks;
			sourceTree = "<group>";
		};
		03B598011602FDC0007BD6AF /* Dish by.me */ = {
			isa = PBXGroup;
			children = (
				03B5980A1602FDC0007BD6AF /* AppDelegate.h */,
				03B5980B1602FDC0007BD6AF /* AppDelegate.m */,
				03E34F521605AE3E00BFBE87 /* APILoader.h */,
				03E34F531605AE3E00BFBE87 /* APILoader.m */,
				03C899B8160B1693001E488B /* Utils.h */,
				03C899B9160B1693001E488B /* Utils.m */,
				03CB749F160CC42700A5C6A3 /* Components */,
				03178840160C76DB0041DAD7 /* ViewControllers */,
				03C89989160B1253001E488B /* Models */,
				030D8AB9160B5AED00BF843D /* Views */,
				03C89991160B1674001E488B /* SBJSON */,
				03B598021602FDC0007BD6AF /* Supporting Files */,
			);
			path = "Dish by.me";
			sourceTree = "<group>";
		};
		03B598021602FDC0007BD6AF /* Supporting Files */ = {
			isa = PBXGroup;
			children = (
				03C89987160B0FC2001E488B /* Const.h */,
				03B598031602FDC0007BD6AF /* Dish by.me-Info.plist */,
				03B598041602FDC0007BD6AF /* InfoPlist.strings */,
				03B598071602FDC0007BD6AF /* main.m */,
				03B598091602FDC0007BD6AF /* Dish by.me-Prefix.pch */,
			);
			name = "Supporting Files";
			sourceTree = "<group>";
		};
		03B59819160303E1007BD6AF /* Resources */ = {
			isa = PBXGroup;
			children = (
				03B598231603046E007BD6AF /* Localizable.strings */,
				0359EA52160D6506009CDA41 /* Default-568h@2x.png */,
				031AAB31160F0F5C007B42B3 /* dim.png */,
				031AAB32160F0F5C007B42B3 /* dim@2x.png */,
				03918044160DA51000041663 /* button.png */,
				03918045160DA51100041663 /* button@2x.png */,
				030D8AC1160B5DC300BF843D /* dish_tile_loading.png */,
				030D8AC2160B5DC300BF843D /* dish_tile_loading@2x.png */,
				03CB7490160CAB6D00A5C6A3 /* dish_tile_border.png */,
				03CB7491160CAB6D00A5C6A3 /* dish_tile_border@2x.png */,
				03CB74B2160CCAF200A5C6A3 /* dish_tile_border_ribbon.png */,
				03CB74B3160CCAF200A5C6A3 /* dish_tile_border_ribbon@2x.png */,
				03CB74AE160CCA8400A5C6A3 /* dish_detail_border.png */,
				03CB74AF160CCA8400A5C6A3 /* dish_detail_border@2x.png */,
				03CB74B6160CCCFE00A5C6A3 /* dish_detail_message_box_bottom.png */,
				03CB74B7160CCCFE00A5C6A3 /* dish_detail_message_box_bottom@2x.png */,
				03CB74B8160CCCFE00A5C6A3 /* dish_detail_message_box_center.png */,
				03CB74B9160CCCFE00A5C6A3 /* dish_detail_message_box_center@2x.png */,
				03CB74BA160CCCFE00A5C6A3 /* dish_detail_message_box_top.png */,
				03CB74BB160CCCFE00A5C6A3 /* dish_detail_message_box_top@2x.png */,
				0359EA59160D79B5009CDA41 /* dish_detail_recipe_bottom_line.png */,
				0359EA5A160D79B5009CDA41 /* dish_detail_recipe_bottom_line@2x.png */,
				0359EA5B160D79B5009CDA41 /* dish_detail_recipe_button.png */,
				0359EA5C160D79B5009CDA41 /* dish_detail_recipe_button@2x.png */,
				0359EA5D160D79B5009CDA41 /* line_dotted.png */,
				031AAAFA160DAC5B007B42B3 /* line_dotted@2x.png */,
				031AAAF6160DAC1A007B42B3 /* line.png */,
				031AAAF7160DAC1A007B42B3 /* line@2x.png */,
				031AAAFC160DB720007B42B3 /* profile_thumbnail_border.png */,
				031AAAFD160DB720007B42B3 /* profile_thumbnail_border@2x.png */,
				031AAB05160DE108007B42B3 /* textfield_bg.png */,
				031AAB06160DE108007B42B3 /* textfield_bg@2x.png */,
				031AAB16160F056E007B42B3 /* recipe */,
				031AAB4D160F72B8007B42B3 /* profile */,
				03CB7489160CAABE00A5C6A3 /* navigation_bar */,
				031AAB00160DDF47007B42B3 /* tool_bar */,
				03CB7467160CA75700A5C6A3 /* tab */,
			);
			name = Resources;
			sourceTree = "<group>";
		};
		03C89989160B1253001E488B /* Models */ = {
			isa = PBXGroup;
			children = (
				03C8998A160B126E001E488B /* Dish.h */,
				03C8998B160B126E001E488B /* Dish.m */,
				03CB7407160C937700A5C6A3 /* Comment.h */,
				03CB7408160C937700A5C6A3 /* Comment.m */,
				031AAB35160F23A1007B42B3 /* User.h */,
				031AAB36160F23A1007B42B3 /* User.m */,
			);
			name = Models;
			sourceTree = "<group>";
		};
		03C89991160B1674001E488B /* SBJSON */ = {
			isa = PBXGroup;
			children = (
				03C89992160B1674001E488B /* JSON.h */,
				03C89993160B1674001E488B /* NSObject+SBJson.h */,
				03C89994160B1674001E488B /* NSObject+SBJson.m */,
				03C89995160B1674001E488B /* SBJson.h */,
				03C89996160B1674001E488B /* SBJsonParser.h */,
				03C89997160B1674001E488B /* SBJsonParser.m */,
				03C89998160B1674001E488B /* SBJsonStreamParser.h */,
				03C89999160B1674001E488B /* SBJsonStreamParser.m */,
				03C8999A160B1674001E488B /* SBJsonStreamParserAccumulator.h */,
				03C8999B160B1674001E488B /* SBJsonStreamParserAccumulator.m */,
				03C8999C160B1674001E488B /* SBJsonStreamParserAdapter.h */,
				03C8999D160B1674001E488B /* SBJsonStreamParserAdapter.m */,
				03C8999E160B1674001E488B /* SBJsonStreamParserState.h */,
				03C8999F160B1674001E488B /* SBJsonStreamParserState.m */,
				03C899A0160B1674001E488B /* SBJsonStreamWriter.h */,
				03C899A1160B1674001E488B /* SBJsonStreamWriter.m */,
				03C899A2160B1674001E488B /* SBJsonStreamWriterAccumulator.h */,
				03C899A3160B1674001E488B /* SBJsonStreamWriterAccumulator.m */,
				03C899A4160B1674001E488B /* SBJsonStreamWriterState.h */,
				03C899A5160B1674001E488B /* SBJsonStreamWriterState.m */,
				03C899A6160B1674001E488B /* SBJsonTokeniser.h */,
				03C899A7160B1674001E488B /* SBJsonTokeniser.m */,
				03C899A8160B1674001E488B /* SBJsonUTF8Stream.h */,
				03C899A9160B1674001E488B /* SBJsonUTF8Stream.m */,
				03C899AA160B1674001E488B /* SBJsonWriter.h */,
				03C899AB160B1674001E488B /* SBJsonWriter.m */,
			);
			path = SBJSON;
			sourceTree = "<group>";
		};
		03CB7467160CA75700A5C6A3 /* tab */ = {
			isa = PBXGroup;
			children = (
				03CB7468160CA75700A5C6A3 /* tab_bar_bg.png */,
				03CB7469160CA75700A5C6A3 /* tab_bar_bg_selected.png */,
				03CB749C160CC04B00A5C6A3 /* tab_camera_highlighted.png */,
				03CB7496160CC04100A5C6A3 /* tab_camera_highlighted@2x.png */,
				03CB746A160CA75700A5C6A3 /* tab_camera.png */,
				03CB7498160CC04100A5C6A3 /* tab_camera@2x.png */,
				03CB7474160CA8D300A5C6A3 /* tab_icon_dish.png */,
				03CB7475160CA8D300A5C6A3 /* tab_icon_dish@2x.png */,
				03CB7476160CA8D300A5C6A3 /* tab_icon_me.png */,
				03CB7477160CA8D300A5C6A3 /* tab_icon_me@2x.png */,
				03CB7478160CA8D300A5C6A3 /* tab_icon_search.png */,
				03CB7479160CA8D400A5C6A3 /* tab_icon_search@2x.png */,
				03CB7484160CA92C00A5C6A3 /* tab_icon_settings.png */,
				03CB747A160CA8D400A5C6A3 /* tab_icon_settings@2x.png */,
			);
			name = tab;
			path = Resources/tab;
			sourceTree = "<group>";
		};
		03CB7489160CAABE00A5C6A3 /* navigation_bar */ = {
			isa = PBXGroup;
			children = (
				0359EA55160D6736009CDA41 /* navigation_bar.png */,
				0359EA56160D6736009CDA41 /* navigation_bar@2x.png */,
				03CB74A6160CC47800A5C6A3 /* navigation_bar_button_back.png */,
				03CB74A7160CC47800A5C6A3 /* navigation_bar_button_back@2x.png */,
			);
			name = navigation_bar;
			path = Resources/navigation_bar;
			sourceTree = "<group>";
		};
		03CB749F160CC42700A5C6A3 /* Components */ = {
			isa = PBXGroup;
			children = (
				03CB74A2160CC42700A5C6A3 /* DishByMeNavigationController.h */,
				03CB74A3160CC42700A5C6A3 /* DishByMeNavigationController.m */,
				03CB74A0160CC42700A5C6A3 /* DishByMeBarButtonItem.h */,
				03CB74A1160CC42700A5C6A3 /* DishByMeBarButtonItem.m */,
				031AAB09160DE2CD007B42B3 /* DishByMeButton.h */,
				031AAB0A160DE2CD007B42B3 /* DishByMeButton.m */,
			);
			path = Components;
			sourceTree = "<group>";
		};
/* End PBXGroup section */

/* Begin PBXNativeTarget section */
		03B597F61602FDC0007BD6AF /* Dish by.me */ = {
			isa = PBXNativeTarget;
			buildConfigurationList = 03B5980F1602FDC0007BD6AF /* Build configuration list for PBXNativeTarget "Dish by.me" */;
			buildPhases = (
				03B597F31602FDC0007BD6AF /* Sources */,
				03B597F41602FDC0007BD6AF /* Frameworks */,
				03B597F51602FDC0007BD6AF /* Resources */,
			);
			buildRules = (
			);
			dependencies = (
			);
			name = "Dish by.me";
			productName = "Dish by.me";
			productReference = 03B597F71602FDC0007BD6AF /* Dish by.me.app */;
			productType = "com.apple.product-type.application";
		};
/* End PBXNativeTarget section */

/* Begin PBXProject section */
		03B597EE1602FDC0007BD6AF /* Project object */ = {
			isa = PBXProject;
			attributes = {
				LastUpgradeCheck = 0430;
				ORGANIZATIONNAME = Joyfl;
			};
			buildConfigurationList = 03B597F11602FDC0007BD6AF /* Build configuration list for PBXProject "Dish by.me" */;
			compatibilityVersion = "Xcode 3.2";
			developmentRegion = English;
			hasScannedForEncodings = 0;
			knownRegions = (
				en,
				ko,
			);
			mainGroup = 03B597EC1602FDC0007BD6AF;
			productRefGroup = 03B597F81602FDC0007BD6AF /* Products */;
			projectDirPath = "";
			projectRoot = "";
			targets = (
				03B597F61602FDC0007BD6AF /* Dish by.me */,
			);
		};
/* End PBXProject section */

/* Begin PBXResourcesBuildPhase section */
		03B597F51602FDC0007BD6AF /* Resources */ = {
			isa = PBXResourcesBuildPhase;
			buildActionMask = 2147483647;
			files = (
				03B598061602FDC0007BD6AF /* InfoPlist.strings in Resources */,
				03B598211603046E007BD6AF /* Localizable.strings in Resources */,
				030D8AC3160B5DC300BF843D /* dish_tile_loading.png in Resources */,
				030D8AC4160B5DC300BF843D /* dish_tile_loading@2x.png in Resources */,
				03CB746E160CA75700A5C6A3 /* tab_bar_bg.png in Resources */,
				03CB746F160CA75700A5C6A3 /* tab_bar_bg_selected.png in Resources */,
				03CB7470160CA75700A5C6A3 /* tab_camera.png in Resources */,
				03CB747C160CA8D400A5C6A3 /* tab_icon_dish.png in Resources */,
				03CB747D160CA8D400A5C6A3 /* tab_icon_dish@2x.png in Resources */,
				03CB747E160CA8D400A5C6A3 /* tab_icon_me.png in Resources */,
				03CB747F160CA8D400A5C6A3 /* tab_icon_me@2x.png in Resources */,
				03CB7480160CA8D400A5C6A3 /* tab_icon_search.png in Resources */,
				03CB7481160CA8D400A5C6A3 /* tab_icon_search@2x.png in Resources */,
				03CB7482160CA8D400A5C6A3 /* tab_icon_settings@2x.png in Resources */,
				03CB7485160CA92C00A5C6A3 /* tab_icon_settings.png in Resources */,
				03CB7494160CAB6D00A5C6A3 /* dish_tile_border.png in Resources */,
				03CB7495160CAB6D00A5C6A3 /* dish_tile_border@2x.png in Resources */,
				03CB7499160CC04100A5C6A3 /* tab_camera_highlighted@2x.png in Resources */,
				03CB749B160CC04100A5C6A3 /* tab_camera@2x.png in Resources */,
				03CB749D160CC04C00A5C6A3 /* tab_camera_highlighted.png in Resources */,
				03CB74AA160CC47800A5C6A3 /* navigation_bar_button_back.png in Resources */,
				03CB74AB160CC47800A5C6A3 /* navigation_bar_button_back@2x.png in Resources */,
				03CB74B0160CCA8400A5C6A3 /* dish_detail_border.png in Resources */,
				03CB74B1160CCA8400A5C6A3 /* dish_detail_border@2x.png in Resources */,
				03CB74B4160CCAF200A5C6A3 /* dish_tile_border_ribbon.png in Resources */,
				03CB74B5160CCAF200A5C6A3 /* dish_tile_border_ribbon@2x.png in Resources */,
				03CB74BC160CCCFE00A5C6A3 /* dish_detail_message_box_bottom.png in Resources */,
				03CB74BD160CCCFE00A5C6A3 /* dish_detail_message_box_bottom@2x.png in Resources */,
				03CB74BE160CCCFE00A5C6A3 /* dish_detail_message_box_center.png in Resources */,
				03CB74BF160CCCFE00A5C6A3 /* dish_detail_message_box_center@2x.png in Resources */,
				03CB74C0160CCCFE00A5C6A3 /* dish_detail_message_box_top.png in Resources */,
				03CB74C1160CCCFE00A5C6A3 /* dish_detail_message_box_top@2x.png in Resources */,
				0359EA53160D6506009CDA41 /* Default-568h@2x.png in Resources */,
				0359EA57160D6736009CDA41 /* navigation_bar.png in Resources */,
				0359EA58160D6736009CDA41 /* navigation_bar@2x.png in Resources */,
				0359EA5E160D79B5009CDA41 /* dish_detail_recipe_bottom_line.png in Resources */,
				0359EA5F160D79B5009CDA41 /* dish_detail_recipe_bottom_line@2x.png in Resources */,
				0359EA60160D79B5009CDA41 /* dish_detail_recipe_button.png in Resources */,
				0359EA61160D79B5009CDA41 /* dish_detail_recipe_button@2x.png in Resources */,
				0359EA62160D79B5009CDA41 /* line_dotted.png in Resources */,
				03918046160DA51100041663 /* button.png in Resources */,
				03918047160DA51100041663 /* button@2x.png in Resources */,
				031AAAF8160DAC1A007B42B3 /* line.png in Resources */,
				031AAAF9160DAC1A007B42B3 /* line@2x.png in Resources */,
				031AAAFB160DAC5B007B42B3 /* line_dotted@2x.png in Resources */,
				031AAAFE160DB720007B42B3 /* profile_thumbnail_border.png in Resources */,
				031AAAFF160DB720007B42B3 /* profile_thumbnail_border@2x.png in Resources */,
				031AAB03160DDF47007B42B3 /* tool_bar.png in Resources */,
				031AAB04160DDF47007B42B3 /* tool_bar@2x.png in Resources */,
				031AAB07160DE108007B42B3 /* textfield_bg.png in Resources */,
				031AAB08160DE108007B42B3 /* textfield_bg@2x.png in Resources */,
				031AAB23160F056E007B42B3 /* recipe_bg_bottom_shadow.png in Resources */,
				031AAB24160F056E007B42B3 /* recipe_bg_bottom_shadow@2x.png in Resources */,
				031AAB25160F056E007B42B3 /* recipe_bg_bottom.png in Resources */,
				031AAB27160F056E007B42B3 /* recipe_bg_center_shadow.png in Resources */,
				031AAB28160F056E007B42B3 /* recipe_bg_center_shadow@2x.png in Resources */,
				031AAB29160F056E007B42B3 /* recipe_bg_top.png in Resources */,
				031AAB2A160F056E007B42B3 /* recipe_bg_top@2x.png in Resources */,
				031AAB2B160F056E007B42B3 /* recipe_bg_top_shadow.png in Resources */,
				031AAB2C160F056E007B42B3 /* recipe_bg_top_shadow@2x.png in Resources */,
				031AAB2D160F056E007B42B3 /* recipe_close_button.png in Resources */,
				031AAB2E160F056E007B42B3 /* recipe_close_button@2x.png in Resources */,
				031AAB30160F05B2007B42B3 /* recipe_bg_bottom@2x.png in Resources */,
				031AAB33160F0F5C007B42B3 /* dim.png in Resources */,
				031AAB34160F0F5C007B42B3 /* dim@2x.png in Resources */,
				031AAB5A160F72B8007B42B3 /* arrow.png in Resources */,
				031AAB5B160F72B8007B42B3 /* arrow@2x.png in Resources */,
				031AAB5C160F72B8007B42B3 /* disclosure_indicator.png in Resources */,
				031AAB5D160F72B8007B42B3 /* disclosure_indicator@2x.png in Resources */,
				031AAB5E160F72B8007B42B3 /* profile_border.png in Resources */,
				031AAB5F160F72B8007B42B3 /* profile_border@2x.png in Resources */,
				031AAB60160F72B8007B42B3 /* profile_cell_bottom_left.png in Resources */,
				031AAB61160F72B8007B42B3 /* profile_cell_bottom_left@2x.png in Resources */,
				031AAB62160F72B8007B42B3 /* profile_cell_bottom_right.png in Resources */,
				031AAB63160F72B8007B42B3 /* profile_cell_bottom_right@2x.png in Resources */,
				031AAB64160F72B8007B42B3 /* profile_cell_top.png in Resources */,
				031AAB65160F72B8007B42B3 /* profile_cell_top@2x.png in Resources */,
			);
			runOnlyForDeploymentPostprocessing = 0;
		};
/* End PBXResourcesBuildPhase section */

/* Begin PBXSourcesBuildPhase section */
		03B597F31602FDC0007BD6AF /* Sources */ = {
			isa = PBXSourcesBuildPhase;
			buildActionMask = 2147483647;
			files = (
				03B598081602FDC0007BD6AF /* main.m in Sources */,
				03B5980C1602FDC0007BD6AF /* AppDelegate.m in Sources */,
				03E34F541605AE3E00BFBE87 /* APILoader.m in Sources */,
				03C8998C160B126E001E488B /* Dish.m in Sources */,
				03C899AC160B1674001E488B /* NSObject+SBJson.m in Sources */,
				03C899AD160B1674001E488B /* SBJsonParser.m in Sources */,
				03C899AE160B1674001E488B /* SBJsonStreamParser.m in Sources */,
				03C899AF160B1674001E488B /* SBJsonStreamParserAccumulator.m in Sources */,
				03C899B0160B1674001E488B /* SBJsonStreamParserAdapter.m in Sources */,
				03C899B1160B1674001E488B /* SBJsonStreamParserState.m in Sources */,
				03C899B2160B1674001E488B /* SBJsonStreamWriter.m in Sources */,
				03C899B3160B1674001E488B /* SBJsonStreamWriterAccumulator.m in Sources */,
				03C899B4160B1674001E488B /* SBJsonStreamWriterState.m in Sources */,
				03C899B5160B1674001E488B /* SBJsonTokeniser.m in Sources */,
				03C899B6160B1674001E488B /* SBJsonUTF8Stream.m in Sources */,
				03C899B7160B1674001E488B /* SBJsonWriter.m in Sources */,
				03C899BA160B1693001E488B /* Utils.m in Sources */,
				0317883A160C6DDC0041DAD7 /* DishTileItem.m in Sources */,
				0317884B160C76DB0041DAD7 /* DishDetailViewController.m in Sources */,
				0317884C160C76DB0041DAD7 /* DishListViewController.m in Sources */,
				0317884D160C76DB0041DAD7 /* ProfileViewController.m in Sources */,
				0317884E160C76DB0041DAD7 /* SearchViewController.m in Sources */,
				0317884F160C76DB0041DAD7 /* SettingsViewController.m in Sources */,
				03CB7409160C937700A5C6A3 /* Comment.m in Sources */,
				03CB74A4160CC42700A5C6A3 /* DishByMeBarButtonItem.m in Sources */,
				03CB74A5160CC42700A5C6A3 /* DishByMeNavigationController.m in Sources */,
				031AAAF4160DAB8B007B42B3 /* CommentCell.m in Sources */,
				031AAB0B160DE2CD007B42B3 /* DishByMeButton.m in Sources */,
				031AAB12160EFD33007B42B3 /* RecipeView.m in Sources */,
				031AAB37160F23A1007B42B3 /* User.m in Sources */,
				031AAB3D160F3B4F007B42B3 /* WritingViewController.m in Sources */,
				031AAB4C160F42CB007B42B3 /* CameraOverlayViewController.m in Sources */,
			);
			runOnlyForDeploymentPostprocessing = 0;
		};
/* End PBXSourcesBuildPhase section */

/* Begin PBXVariantGroup section */
		03B598041602FDC0007BD6AF /* InfoPlist.strings */ = {
			isa = PBXVariantGroup;
			children = (
				03B598051602FDC0007BD6AF /* en */,
			);
			name = InfoPlist.strings;
			sourceTree = "<group>";
		};
		03B598231603046E007BD6AF /* Localizable.strings */ = {
			isa = PBXVariantGroup;
			children = (
				03B598221603046E007BD6AF /* en */,
				03B5982416030475007BD6AF /* ko */,
			);
			name = Localizable.strings;
			path = Resources;
			sourceTree = "<group>";
		};
/* End PBXVariantGroup section */

/* Begin XCBuildConfiguration section */
		03B5980D1602FDC0007BD6AF /* Debug */ = {
			isa = XCBuildConfiguration;
			buildSettings = {
				ALWAYS_SEARCH_USER_PATHS = NO;
				ARCHS = "$(ARCHS_STANDARD_32_BIT)";
				"CODE_SIGN_IDENTITY[sdk=iphoneos*]" = "iPhone Developer";
				COPY_PHASE_STRIP = NO;
				GCC_C_LANGUAGE_STANDARD = gnu99;
				GCC_DYNAMIC_NO_PIC = NO;
				GCC_OPTIMIZATION_LEVEL = 0;
				GCC_PREPROCESSOR_DEFINITIONS = (
					"DEBUG=1",
					"$(inherited)",
				);
				GCC_SYMBOLS_PRIVATE_EXTERN = NO;
				GCC_VERSION = com.apple.compilers.llvm.clang.1_0;
				GCC_WARN_ABOUT_RETURN_TYPE = YES;
				GCC_WARN_UNINITIALIZED_AUTOS = YES;
				GCC_WARN_UNUSED_VARIABLE = YES;
				IPHONEOS_DEPLOYMENT_TARGET = 5.1;
				SDKROOT = iphoneos;
			};
			name = Debug;
		};
		03B5980E1602FDC0007BD6AF /* Release */ = {
			isa = XCBuildConfiguration;
			buildSettings = {
				ALWAYS_SEARCH_USER_PATHS = NO;
				ARCHS = "$(ARCHS_STANDARD_32_BIT)";
				"CODE_SIGN_IDENTITY[sdk=iphoneos*]" = "iPhone Developer";
				COPY_PHASE_STRIP = YES;
				GCC_C_LANGUAGE_STANDARD = gnu99;
				GCC_VERSION = com.apple.compilers.llvm.clang.1_0;
				GCC_WARN_ABOUT_RETURN_TYPE = YES;
				GCC_WARN_UNINITIALIZED_AUTOS = YES;
				GCC_WARN_UNUSED_VARIABLE = YES;
				IPHONEOS_DEPLOYMENT_TARGET = 5.1;
				OTHER_CFLAGS = "-DNS_BLOCK_ASSERTIONS=1";
				SDKROOT = iphoneos;
				VALIDATE_PRODUCT = YES;
			};
			name = Release;
		};
		03B598101602FDC0007BD6AF /* Debug */ = {
			isa = XCBuildConfiguration;
			buildSettings = {
				GCC_PRECOMPILE_PREFIX_HEADER = YES;
				GCC_PREFIX_HEADER = "Dish by.me/Dish by.me-Prefix.pch";
				INFOPLIST_FILE = "Dish by.me/Dish by.me-Info.plist";
				IPHONEOS_DEPLOYMENT_TARGET = 6.0;
				PRODUCT_NAME = "$(TARGET_NAME)";
				WRAPPER_EXTENSION = app;
			};
			name = Debug;
		};
		03B598111602FDC0007BD6AF /* Release */ = {
			isa = XCBuildConfiguration;
			buildSettings = {
				GCC_PRECOMPILE_PREFIX_HEADER = YES;
				GCC_PREFIX_HEADER = "Dish by.me/Dish by.me-Prefix.pch";
				INFOPLIST_FILE = "Dish by.me/Dish by.me-Info.plist";
				IPHONEOS_DEPLOYMENT_TARGET = 6.0;
				PRODUCT_NAME = "$(TARGET_NAME)";
				WRAPPER_EXTENSION = app;
			};
			name = Release;
		};
/* End XCBuildConfiguration section */

/* Begin XCConfigurationList section */
		03B597F11602FDC0007BD6AF /* Build configuration list for PBXProject "Dish by.me" */ = {
			isa = XCConfigurationList;
			buildConfigurations = (
				03B5980D1602FDC0007BD6AF /* Debug */,
				03B5980E1602FDC0007BD6AF /* Release */,
			);
			defaultConfigurationIsVisible = 0;
			defaultConfigurationName = Release;
		};
		03B5980F1602FDC0007BD6AF /* Build configuration list for PBXNativeTarget "Dish by.me" */ = {
			isa = XCConfigurationList;
			buildConfigurations = (
				03B598101602FDC0007BD6AF /* Debug */,
				03B598111602FDC0007BD6AF /* Release */,
			);
			defaultConfigurationIsVisible = 0;
			defaultConfigurationName = Release;
		};
/* End XCConfigurationList section */
	};
	rootObject = 03B597EE1602FDC0007BD6AF /* Project object */;
}
