// !$*UTF8*$!
{
	archiveVersion = 1;
	classes = {
	};
	objectVersion = 46;
	objects = {

/* Begin PBXBuildFile section */
		03B597FC1602FDC0007BD6AF /* UIKit.framework in Frameworks */ = {isa = PBXBuildFile; fileRef = 03B597FB1602FDC0007BD6AF /* UIKit.framework */; };
		03B597FE1602FDC0007BD6AF /* Foundation.framework in Frameworks */ = {isa = PBXBuildFile; fileRef = 03B597FD1602FDC0007BD6AF /* Foundation.framework */; };
		03B598001602FDC0007BD6AF /* CoreGraphics.framework in Frameworks */ = {isa = PBXBuildFile; fileRef = 03B597FF1602FDC0007BD6AF /* CoreGraphics.framework */; };
		03B598061602FDC0007BD6AF /* InfoPlist.strings in Resources */ = {isa = PBXBuildFile; fileRef = 03B598041602FDC0007BD6AF /* InfoPlist.strings */; };
		03B598081602FDC0007BD6AF /* main.m in Sources */ = {isa = PBXBuildFile; fileRef = 03B598071602FDC0007BD6AF /* main.m */; };
		03B5980C1602FDC0007BD6AF /* AppDelegate.m in Sources */ = {isa = PBXBuildFile; fileRef = 03B5980B1602FDC0007BD6AF /* AppDelegate.m */; };
		03B5981B1603040B007BD6AF /* DishViewController.m in Sources */ = {isa = PBXBuildFile; fileRef = 03B5981D1603040B007BD6AF /* DishViewController.m */; };
		03B598211603046E007BD6AF /* Localizable.strings in Resources */ = {isa = PBXBuildFile; fileRef = 03B598231603046E007BD6AF /* Localizable.strings */; };
		03B5982716030529007BD6AF /* SearchViewController.m in Sources */ = {isa = PBXBuildFile; fileRef = 03B5982616030529007BD6AF /* SearchViewController.m */; };
		03B5982A16030538007BD6AF /* MeViewController.m in Sources */ = {isa = PBXBuildFile; fileRef = 03B5982916030538007BD6AF /* MeViewController.m */; };
		03B5982D16030540007BD6AF /* SettingsViewController.m in Sources */ = {isa = PBXBuildFile; fileRef = 03B5982C16030540007BD6AF /* SettingsViewController.m */; };
/* End PBXBuildFile section */

/* Begin PBXFileReference section */
		03B597F71602FDC0007BD6AF /* Dish by.me.app */ = {isa = PBXFileReference; explicitFileType = wrapper.application; includeInIndex = 0; path = "Dish by.me.app"; sourceTree = BUILT_PRODUCTS_DIR; };
		03B597FB1602FDC0007BD6AF /* UIKit.framework */ = {isa = PBXFileReference; lastKnownFileType = wrapper.framework; name = UIKit.framework; path = System/Library/Frameworks/UIKit.framework; sourceTree = SDKROOT; };
		03B597FD1602FDC0007BD6AF /* Foundation.framework */ = {isa = PBXFileReference; lastKnownFileType = wrapper.framework; name = Foundation.framework; path = System/Library/Frameworks/Foundation.framework; sourceTree = SDKROOT; };
		03B597FF1602FDC0007BD6AF /* CoreGraphics.framework */ = {isa = PBXFileReference; lastKnownFileType = wrapper.framework; name = CoreGraphics.framework; path = System/Library/Frameworks/CoreGraphics.framework; sourceTree = SDKROOT; };
		03B598031602FDC0007BD6AF /* Dish by.me-Info.plist */ = {isa = PBXFileReference; lastKnownFileType = text.plist.xml; path = "Dish by.me-Info.plist"; sourceTree = "<group>"; };
		03B598051602FDC0007BD6AF /* en */ = {isa = PBXFileReference; lastKnownFileType = text.plist.strings; name = en; path = en.lproj/InfoPlist.strings; sourceTree = "<group>"; };
		03B598071602FDC0007BD6AF /* main.m */ = {isa = PBXFileReference; lastKnownFileType = sourcecode.c.objc; path = main.m; sourceTree = "<group>"; };
		03B598091602FDC0007BD6AF /* Dish by.me-Prefix.pch */ = {isa = PBXFileReference; lastKnownFileType = sourcecode.c.h; path = "Dish by.me-Prefix.pch"; sourceTree = "<group>"; };
		03B5980A1602FDC0007BD6AF /* AppDelegate.h */ = {isa = PBXFileReference; lastKnownFileType = sourcecode.c.h; path = AppDelegate.h; sourceTree = "<group>"; };
		03B5980B1602FDC0007BD6AF /* AppDelegate.m */ = {isa = PBXFileReference; lastKnownFileType = sourcecode.c.objc; path = AppDelegate.m; sourceTree = "<group>"; };
		03B598161603009E007BD6AF /* DishViewController.h */ = {isa = PBXFileReference; fileEncoding = 4; lastKnownFileType = sourcecode.c.h; path = DishViewController.h; sourceTree = "<group>"; };
		03B5981A160303F7007BD6AF /* ko */ = {isa = PBXFileReference; lastKnownFileType = text.plist.strings; name = ko; path = "/Users/xoul/workspace/Dish by.me/Dish by.me/ko.lproj/InfoPlist.strings"; sourceTree = "<absolute>"; };
		03B5981C1603040B007BD6AF /* en */ = {isa = PBXFileReference; lastKnownFileType = sourcecode.c.objc; name = en; path = en.lproj/DishViewController.m; sourceTree = "<group>"; };
		03B598221603046E007BD6AF /* en */ = {isa = PBXFileReference; lastKnownFileType = text.plist.strings; name = en; path = en.lproj/Localizable.strings; sourceTree = "<group>"; };
		03B5982416030475007BD6AF /* ko */ = {isa = PBXFileReference; lastKnownFileType = text.plist.strings; name = ko; path = ko.lproj/Localizable.strings; sourceTree = "<group>"; };
		03B5982516030529007BD6AF /* SearchViewController.h */ = {isa = PBXFileReference; fileEncoding = 4; lastKnownFileType = sourcecode.c.h; path = SearchViewController.h; sourceTree = "<group>"; };
		03B5982616030529007BD6AF /* SearchViewController.m */ = {isa = PBXFileReference; fileEncoding = 4; lastKnownFileType = sourcecode.c.objc; path = SearchViewController.m; sourceTree = "<group>"; };
		03B5982816030538007BD6AF /* MeViewController.h */ = {isa = PBXFileReference; fileEncoding = 4; lastKnownFileType = sourcecode.c.h; path = MeViewController.h; sourceTree = "<group>"; };
		03B5982916030538007BD6AF /* MeViewController.m */ = {isa = PBXFileReference; fileEncoding = 4; lastKnownFileType = sourcecode.c.objc; path = MeViewController.m; sourceTree = "<group>"; };
		03B5982B16030540007BD6AF /* SettingsViewController.h */ = {isa = PBXFileReference; fileEncoding = 4; lastKnownFileType = sourcecode.c.h; path = SettingsViewController.h; sourceTree = "<group>"; };
		03B5982C16030540007BD6AF /* SettingsViewController.m */ = {isa = PBXFileReference; fileEncoding = 4; lastKnownFileType = sourcecode.c.objc; path = SettingsViewController.m; sourceTree = "<group>"; };
/* End PBXFileReference section */

/* Begin PBXFrameworksBuildPhase section */
		03B597F41602FDC0007BD6AF /* Frameworks */ = {
			isa = PBXFrameworksBuildPhase;
			buildActionMask = 2147483647;
			files = (
				03B597FC1602FDC0007BD6AF /* UIKit.framework in Frameworks */,
				03B597FE1602FDC0007BD6AF /* Foundation.framework in Frameworks */,
				03B598001602FDC0007BD6AF /* CoreGraphics.framework in Frameworks */,
			);
			runOnlyForDeploymentPostprocessing = 0;
		};
/* End PBXFrameworksBuildPhase section */

/* Begin PBXGroup section */
		03B597EC1602FDC0007BD6AF = {
			isa = PBXGroup;
			children = (
				03B598011602FDC0007BD6AF /* Dish by.me */,
				03B59819160303E1007BD6AF /* Resources */,
				03B597FA1602FDC0007BD6AF /* Frameworks */,
				03B597F81602FDC0007BD6AF /* Products */,
			);
			sourceTree = "<group>";
		};
		03B597F81602FDC0007BD6AF /* Products */ = {
			isa = PBXGroup;
			children = (
				03B597F71602FDC0007BD6AF /* Dish by.me.app */,
			);
			name = Products;
			sourceTree = "<group>";
		};
		03B597FA1602FDC0007BD6AF /* Frameworks */ = {
			isa = PBXGroup;
			children = (
				03B597FB1602FDC0007BD6AF /* UIKit.framework */,
				03B597FD1602FDC0007BD6AF /* Foundation.framework */,
				03B597FF1602FDC0007BD6AF /* CoreGraphics.framework */,
			);
			name = Frameworks;
			sourceTree = "<group>";
		};
		03B598011602FDC0007BD6AF /* Dish by.me */ = {
			isa = PBXGroup;
			children = (
				03B5980A1602FDC0007BD6AF /* AppDelegate.h */,
				03B5980B1602FDC0007BD6AF /* AppDelegate.m */,
				03B598161603009E007BD6AF /* DishViewController.h */,
				03B5981D1603040B007BD6AF /* DishViewController.m */,
				03B5982516030529007BD6AF /* SearchViewController.h */,
				03B5982616030529007BD6AF /* SearchViewController.m */,
				03B5982816030538007BD6AF /* MeViewController.h */,
				03B5982916030538007BD6AF /* MeViewController.m */,
				03B5982B16030540007BD6AF /* SettingsViewController.h */,
				03B5982C16030540007BD6AF /* SettingsViewController.m */,
				03B598021602FDC0007BD6AF /* Supporting Files */,
			);
			path = "Dish by.me";
			sourceTree = "<group>";
		};
		03B598021602FDC0007BD6AF /* Supporting Files */ = {
			isa = PBXGroup;
			children = (
				03B598031602FDC0007BD6AF /* Dish by.me-Info.plist */,
				03B598041602FDC0007BD6AF /* InfoPlist.strings */,
				03B598071602FDC0007BD6AF /* main.m */,
				03B598091602FDC0007BD6AF /* Dish by.me-Prefix.pch */,
			);
			name = "Supporting Files";
			sourceTree = "<group>";
		};
		03B59819160303E1007BD6AF /* Resources */ = {
			isa = PBXGroup;
			children = (
				03B598231603046E007BD6AF /* Localizable.strings */,
			);
			name = Resources;
			sourceTree = "<group>";
		};
/* End PBXGroup section */

/* Begin PBXNativeTarget section */
		03B597F61602FDC0007BD6AF /* Dish by.me */ = {
			isa = PBXNativeTarget;
			buildConfigurationList = 03B5980F1602FDC0007BD6AF /* Build configuration list for PBXNativeTarget "Dish by.me" */;
			buildPhases = (
				03B597F31602FDC0007BD6AF /* Sources */,
				03B597F41602FDC0007BD6AF /* Frameworks */,
				03B597F51602FDC0007BD6AF /* Resources */,
			);
			buildRules = (
			);
			dependencies = (
			);
			name = "Dish by.me";
			productName = "Dish by.me";
			productReference = 03B597F71602FDC0007BD6AF /* Dish by.me.app */;
			productType = "com.apple.product-type.application";
		};
/* End PBXNativeTarget section */

/* Begin PBXProject section */
		03B597EE1602FDC0007BD6AF /* Project object */ = {
			isa = PBXProject;
			attributes = {
				LastUpgradeCheck = 0430;
				ORGANIZATIONNAME = Joyfl;
			};
			buildConfigurationList = 03B597F11602FDC0007BD6AF /* Build configuration list for PBXProject "Dish by.me" */;
			compatibilityVersion = "Xcode 3.2";
			developmentRegion = English;
			hasScannedForEncodings = 0;
			knownRegions = (
				en,
				ko,
			);
			mainGroup = 03B597EC1602FDC0007BD6AF;
			productRefGroup = 03B597F81602FDC0007BD6AF /* Products */;
			projectDirPath = "";
			projectRoot = "";
			targets = (
				03B597F61602FDC0007BD6AF /* Dish by.me */,
			);
		};
/* End PBXProject section */

/* Begin PBXResourcesBuildPhase section */
		03B597F51602FDC0007BD6AF /* Resources */ = {
			isa = PBXResourcesBuildPhase;
			buildActionMask = 2147483647;
			files = (
				03B598061602FDC0007BD6AF /* InfoPlist.strings in Resources */,
				03B598211603046E007BD6AF /* Localizable.strings in Resources */,
			);
			runOnlyForDeploymentPostprocessing = 0;
		};
/* End PBXResourcesBuildPhase section */

/* Begin PBXSourcesBuildPhase section */
		03B597F31602FDC0007BD6AF /* Sources */ = {
			isa = PBXSourcesBuildPhase;
			buildActionMask = 2147483647;
			files = (
				03B598081602FDC0007BD6AF /* main.m in Sources */,
				03B5980C1602FDC0007BD6AF /* AppDelegate.m in Sources */,
				03B5981B1603040B007BD6AF /* DishViewController.m in Sources */,
				03B5982716030529007BD6AF /* SearchViewController.m in Sources */,
				03B5982A16030538007BD6AF /* MeViewController.m in Sources */,
				03B5982D16030540007BD6AF /* SettingsViewController.m in Sources */,
			);
			runOnlyForDeploymentPostprocessing = 0;
		};
/* End PBXSourcesBuildPhase section */

/* Begin PBXVariantGroup section */
		03B598041602FDC0007BD6AF /* InfoPlist.strings */ = {
			isa = PBXVariantGroup;
			children = (
				03B598051602FDC0007BD6AF /* en */,
				03B5981A160303F7007BD6AF /* ko */,
			);
			name = InfoPlist.strings;
			sourceTree = "<group>";
		};
		03B5981D1603040B007BD6AF /* DishViewController.m */ = {
			isa = PBXVariantGroup;
			children = (
				03B5981C1603040B007BD6AF /* en */,
			);
			name = DishViewController.m;
			sourceTree = "<group>";
		};
		03B598231603046E007BD6AF /* Localizable.strings */ = {
			isa = PBXVariantGroup;
			children = (
				03B598221603046E007BD6AF /* en */,
				03B5982416030475007BD6AF /* ko */,
			);
			name = Localizable.strings;
			path = Resources;
			sourceTree = "<group>";
		};
/* End PBXVariantGroup section */

/* Begin XCBuildConfiguration section */
		03B5980D1602FDC0007BD6AF /* Debug */ = {
			isa = XCBuildConfiguration;
			buildSettings = {
				ALWAYS_SEARCH_USER_PATHS = NO;
				ARCHS = "$(ARCHS_STANDARD_32_BIT)";
				"CODE_SIGN_IDENTITY[sdk=iphoneos*]" = "iPhone Developer";
				COPY_PHASE_STRIP = NO;
				GCC_C_LANGUAGE_STANDARD = gnu99;
				GCC_DYNAMIC_NO_PIC = NO;
				GCC_OPTIMIZATION_LEVEL = 0;
				GCC_PREPROCESSOR_DEFINITIONS = (
					"DEBUG=1",
					"$(inherited)",
				);
				GCC_SYMBOLS_PRIVATE_EXTERN = NO;
				GCC_VERSION = com.apple.compilers.llvm.clang.1_0;
				GCC_WARN_ABOUT_RETURN_TYPE = YES;
				GCC_WARN_UNINITIALIZED_AUTOS = YES;
				GCC_WARN_UNUSED_VARIABLE = YES;
				IPHONEOS_DEPLOYMENT_TARGET = 5.1;
				SDKROOT = iphoneos;
			};
			name = Debug;
		};
		03B5980E1602FDC0007BD6AF /* Release */ = {
			isa = XCBuildConfiguration;
			buildSettings = {
				ALWAYS_SEARCH_USER_PATHS = NO;
				ARCHS = "$(ARCHS_STANDARD_32_BIT)";
				"CODE_SIGN_IDENTITY[sdk=iphoneos*]" = "iPhone Developer";
				COPY_PHASE_STRIP = YES;
				GCC_C_LANGUAGE_STANDARD = gnu99;
				GCC_VERSION = com.apple.compilers.llvm.clang.1_0;
				GCC_WARN_ABOUT_RETURN_TYPE = YES;
				GCC_WARN_UNINITIALIZED_AUTOS = YES;
				GCC_WARN_UNUSED_VARIABLE = YES;
				IPHONEOS_DEPLOYMENT_TARGET = 5.1;
				OTHER_CFLAGS = "-DNS_BLOCK_ASSERTIONS=1";
				SDKROOT = iphoneos;
				VALIDATE_PRODUCT = YES;
			};
			name = Release;
		};
		03B598101602FDC0007BD6AF /* Debug */ = {
			isa = XCBuildConfiguration;
			buildSettings = {
				GCC_PRECOMPILE_PREFIX_HEADER = YES;
				GCC_PREFIX_HEADER = "Dish by.me/Dish by.me-Prefix.pch";
				INFOPLIST_FILE = "Dish by.me/Dish by.me-Info.plist";
				PRODUCT_NAME = "$(TARGET_NAME)";
				WRAPPER_EXTENSION = app;
			};
			name = Debug;
		};
		03B598111602FDC0007BD6AF /* Release */ = {
			isa = XCBuildConfiguration;
			buildSettings = {
				GCC_PRECOMPILE_PREFIX_HEADER = YES;
				GCC_PREFIX_HEADER = "Dish by.me/Dish by.me-Prefix.pch";
				INFOPLIST_FILE = "Dish by.me/Dish by.me-Info.plist";
				PRODUCT_NAME = "$(TARGET_NAME)";
				WRAPPER_EXTENSION = app;
			};
			name = Release;
		};
/* End XCBuildConfiguration section */

/* Begin XCConfigurationList section */
		03B597F11602FDC0007BD6AF /* Build configuration list for PBXProject "Dish by.me" */ = {
			isa = XCConfigurationList;
			buildConfigurations = (
				03B5980D1602FDC0007BD6AF /* Debug */,
				03B5980E1602FDC0007BD6AF /* Release */,
			);
			defaultConfigurationIsVisible = 0;
			defaultConfigurationName = Release;
		};
		03B5980F1602FDC0007BD6AF /* Build configuration list for PBXNativeTarget "Dish by.me" */ = {
			isa = XCConfigurationList;
			buildConfigurations = (
				03B598101602FDC0007BD6AF /* Debug */,
				03B598111602FDC0007BD6AF /* Release */,
			);
			defaultConfigurationIsVisible = 0;
		};
/* End XCConfigurationList section */
	};
	rootObject = 03B597EE1602FDC0007BD6AF /* Project object */;
}
